# @generated - this file is auto-generated by `mise lock` https://mise.jdx.dev/dev-tools/mise-lock.html

[[tools."aqua:Byron/dua-cli"]]
version = "2.32.0"
backend = "aqua:Byron/dua-cli"

[tools."aqua:Byron/dua-cli"."platforms.darwin-amd64"]
checksum = "sha256:ceec037df8a1e5b8ef810eb0fa2fab1c26771b7a1300156ec195893c017ea6c0"
url = "https://github.com/Byron/dua-cli/releases/download/v2.32.0/dua-v2.32.0-x86_64-apple-darwin.tar.gz"

[tools."aqua:Byron/dua-cli"."platforms.linux-amd64"]
checksum = "sha256:3553b6ef42b7398c979066e6360c0cb79b593c4b11f804dfbdd0caba0772e015"
url = "https://github.com/Byron/dua-cli/releases/download/v2.32.0/dua-v2.32.0-x86_64-unknown-linux-musl.tar.gz"

[tools."aqua:Byron/dua-cli"."platforms.linux-arm64"]
checksum = "sha256:e0a5190dead2e588622f8ddc32c539cae94e83af4164e813a03c775aad4e89f6"
url = "https://github.com/Byron/dua-cli/releases/download/v2.32.0/dua-v2.32.0-aarch64-unknown-linux-musl.tar.gz"

[tools."aqua:Byron/dua-cli"."platforms.linux-x64"]
checksum = "sha256:3553b6ef42b7398c979066e6360c0cb79b593c4b11f804dfbdd0caba0772e015"
url = "https://github.com/Byron/dua-cli/releases/download/v2.32.0/dua-v2.32.0-x86_64-unknown-linux-musl.tar.gz"

[tools."aqua:Byron/dua-cli"."platforms.macos-arm64"]
checksum = "sha256:ceec037df8a1e5b8ef810eb0fa2fab1c26771b7a1300156ec195893c017ea6c0"
url = "https://github.com/Byron/dua-cli/releases/download/v2.32.0/dua-v2.32.0-x86_64-apple-darwin.tar.gz"

[tools."aqua:Byron/dua-cli"."platforms.windows-amd64"]
checksum = "sha256:eb697c75361479c1e645cc4d7bb54bf83d6900e79159d308e5b363c36c0babe4"
url = "https://github.com/Byron/dua-cli/releases/download/v2.32.0/dua-v2.32.0-x86_64-pc-windows-msvc.zip"


[[tools."github:ajeetdsouza/zoxide"]]
version = "0.9.8"
backend = "github:ajeetdsouza/zoxide"

[tools."github:ajeetdsouza/zoxide"."platforms.darwin-amd64"]
checksum = "sha256:cfa865ffd1ba87df2962f40ebd80c366f1d2b484f0c05b6da6b0104f50822f86"
url = "https://github.com/ajeetdsouza/zoxide/releases/download/v0.9.8/zoxide-0.9.8-x86_64-apple-darwin.tar.gz"

[tools."github:ajeetdsouza/zoxide"."platforms.darwin-arm64"]
checksum = "sha256:3d1ec4af7f3d351629f500b432e6c735caf3216ab3eaa76dbe8ffbc8f3006f5a"
url = "https://github.com/ajeetdsouza/zoxide/releases/download/v0.9.8/zoxide-0.9.8-aarch64-apple-darwin.tar.gz"

[tools."github:ajeetdsouza/zoxide"."platforms.linux-amd64"]
checksum = "sha256:4092ee38aa1efde42e4efb2f9c872df5388198aacae7f1a74e5eb5c3cc7f531c"
url = "https://github.com/ajeetdsouza/zoxide/releases/download/v0.9.8/zoxide-0.9.8-x86_64-unknown-linux-musl.tar.gz"

[tools."github:ajeetdsouza/zoxide"."platforms.linux-arm64"]
checksum = "sha256:078cc9cc8cedb6c45edb84c0f5bad53518c610859c73bdb3009a52b89652c103"
url = "https://github.com/ajeetdsouza/zoxide/releases/download/v0.9.8/zoxide-0.9.8-aarch64-unknown-linux-musl.tar.gz"

[tools."github:ajeetdsouza/zoxide"."platforms.linux-x64"]
url = "https://github.com/ajeetdsouza/zoxide/releases/download/v0.9.8/zoxide-0.9.8-x86_64-unknown-linux-musl.tar.gz"

[tools."github:ajeetdsouza/zoxide"."platforms.macos-arm64"]
checksum = "blake3:225180129d7d87f7d55eaaf13b065e8ac95123347734e41c01da13ade4b4664f"
url = "https://github.com/ajeetdsouza/zoxide/releases/download/v0.9.8/zoxide-0.9.8-aarch64-apple-darwin.tar.gz"

[tools."github:ajeetdsouza/zoxide"."platforms.windows-amd64"]
checksum = "sha256:15dbd23ae3d98e2a745d0e8e3f0292402f0a2269b47519b81a6e994baca5db2b"
url = "https://github.com/ajeetdsouza/zoxide/releases/download/v0.9.8/zoxide-0.9.8-x86_64-pc-windows-msvc.zip"

[[tools."github:astral-sh/uv"]]
version = "0.6.14"
backend = "github:astral-sh/uv"

[tools."github:astral-sh/uv"."platforms.darwin-amd64"]
checksum = "sha256:1d8ecb2eb3b68fb50e4249dc96ac9d2458dc24068848f04f4c5b42af2fd26552"
url = "https://github.com/astral-sh/uv/releases/download/0.6.14/uv-x86_64-apple-darwin.tar.gz"

[tools."github:astral-sh/uv"."platforms.darwin-arm64"]
checksum = "sha256:4ea4731010fbd1bc8e790e07f199f55a5c7c2c732e9b77f85e302b0bee61b756"
url = "https://github.com/astral-sh/uv/releases/download/0.6.14/uv-aarch64-apple-darwin.tar.gz"

[tools."github:astral-sh/uv"."platforms.linux-amd64"]
checksum = "sha256:0cac4df0cb3457b154f2039ae471e89cd4e15f3bd790bbb3cb0b8b40d940b93e"
url = "https://github.com/astral-sh/uv/releases/download/0.6.14/uv-x86_64-unknown-linux-musl.tar.gz"

[tools."github:astral-sh/uv"."platforms.linux-arm64"]
checksum = "sha256:94e22c4be44d205def456427639ca5ca1c1a9e29acc31808a7b28fdd5dcf7f17"
url = "https://github.com/astral-sh/uv/releases/download/0.6.14/uv-aarch64-unknown-linux-musl.tar.gz"

[tools."github:astral-sh/uv"."platforms.linux-x64"]
checksum = "sha256:0cac4df0cb3457b154f2039ae471e89cd4e15f3bd790bbb3cb0b8b40d940b93e"
url = "https://github.com/astral-sh/uv/releases/download/0.6.14/uv-x86_64-unknown-linux-musl.tar.gz"

[tools."github:astral-sh/uv"."platforms.macos-arm64"]
checksum = "sha256:4ea4731010fbd1bc8e790e07f199f55a5c7c2c732e9b77f85e302b0bee61b756"
url = "https://github.com/astral-sh/uv/releases/download/0.6.14/uv-aarch64-apple-darwin.tar.gz"

[tools."github:astral-sh/uv"."platforms.windows-amd64"]
checksum = "sha256:93b29fc234758e381df461d7638ff73d0f08bdf3a0dc37923b1ee0b9e442ca3f"
url = "https://github.com/astral-sh/uv/releases/download/0.6.14/uv-x86_64-pc-windows-msvc.zip"

[[tools."github:bufbuild/buf"]]
version = "1.57.2"
backend = "github:bufbuild/buf"

[tools."github:bufbuild/buf"."platforms.darwin-amd64"]
checksum = "sha256:b5cefc5eec24331e26a49db2b71b46e7e5a30d8d8f361f9ccc69e7dd5fda5c7c"
url = "https://github.com/bufbuild/buf/releases/download/v1.57.2/buf-Darwin-x86_64.tar.gz"

[tools."github:bufbuild/buf"."platforms.darwin-arm64"]
checksum = "sha256:942dd3c96444615def14ed791de33c882f9a6a2166ead1c22973c04a4d3b186e"
url = "https://github.com/bufbuild/buf/releases/download/v1.57.2/buf-Darwin-arm64.tar.gz"

[tools."github:bufbuild/buf"."platforms.linux-amd64"]
checksum = "sha256:275883a9bb684d37b26a5c86466870a3acd2420163ac6f4827491498d89e34ad"
url = "https://github.com/bufbuild/buf/releases/download/v1.57.2/buf-Linux-x86_64.tar.gz"

[tools."github:bufbuild/buf"."platforms.linux-arm64"]
checksum = "sha256:fcc74ba98842bf431f2c4b9fccc5fe77b13aafd497125472ab341295f4915329"
url = "https://github.com/bufbuild/buf/releases/download/v1.57.2/buf-Linux-aarch64.tar.gz"

[tools."github:bufbuild/buf"."platforms.linux-x64"]
checksum = "sha256:275883a9bb684d37b26a5c86466870a3acd2420163ac6f4827491498d89e34ad"
url = "https://github.com/bufbuild/buf/releases/download/v1.57.2/buf-Linux-x86_64.tar.gz"

[tools."github:bufbuild/buf"."platforms.macos-arm64"]
checksum = "sha256:942dd3c96444615def14ed791de33c882f9a6a2166ead1c22973c04a4d3b186e"
url = "https://github.com/bufbuild/buf/releases/download/v1.57.2/buf-Darwin-arm64.tar.gz"

[tools."github:bufbuild/buf"."platforms.windows-amd64"]
checksum = "sha256:9129b146336155b6e5dedb9ebd07cbed14499aac5c903acf59d9c6d8aa8c7126"
url = "https://github.com/bufbuild/buf/releases/download/v1.57.2/buf-Windows-x86_64.zip"

[[tools."github:casey/just"]]
version = "1.42.4"
backend = "github:casey/just"

[tools."github:casey/just"."platforms.darwin-amd64"]
checksum = "sha256:ec8781b4341552877a432a922818f1656bcee6ec51155dbbdba490d9bd8f8dd2"
url = "https://github.com/casey/just/releases/download/1.42.4/just-1.42.4-x86_64-apple-darwin.tar.gz"

[tools."github:casey/just"."platforms.darwin-arm64"]
checksum = "sha256:9bea24da39a54f1517ebc8d050789e9631eaf9bcec76a94866a9955a3a1a663f"
url = "https://github.com/casey/just/releases/download/1.42.4/just-1.42.4-aarch64-apple-darwin.tar.gz"

[tools."github:casey/just"."platforms.linux-amd64"]
checksum = "sha256:678efc1cfbd5fa5a88375daa7e2f3864a049d6d63a0296df925a2ae5f516cb56"
url = "https://github.com/casey/just/releases/download/1.42.4/just-1.42.4-x86_64-unknown-linux-musl.tar.gz"

[tools."github:casey/just"."platforms.linux-arm64"]
checksum = "sha256:beb35a4ed1208ffbb0fef26042c65875759a5358b9ee1a7856dec8490dfd4aca"
url = "https://github.com/casey/just/releases/download/1.42.4/just-1.42.4-aarch64-unknown-linux-musl.tar.gz"

[tools."github:casey/just"."platforms.linux-x64"]
checksum = "sha256:678efc1cfbd5fa5a88375daa7e2f3864a049d6d63a0296df925a2ae5f516cb56"
url = "https://github.com/casey/just/releases/download/1.42.4/just-1.42.4-x86_64-unknown-linux-musl.tar.gz"

[tools."github:casey/just"."platforms.macos-arm64"]
checksum = "sha256:9bea24da39a54f1517ebc8d050789e9631eaf9bcec76a94866a9955a3a1a663f"
url = "https://github.com/casey/just/releases/download/1.42.4/just-1.42.4-aarch64-apple-darwin.tar.gz"

[tools."github:casey/just"."platforms.windows-amd64"]
checksum = "sha256:238cb448eb2ced3f7ac2f32872cf08244179b10b2d3f67e9069087ccbdc3d7f6"
url = "https://github.com/casey/just/releases/download/1.42.4/just-1.42.4-x86_64-pc-windows-msvc.zip"

[[tools."github:docker/buildx"]]
version = "0.27.0"
backend = "github:docker/buildx"

[tools."github:docker/buildx"."platforms.darwin-amd64"]
checksum = "sha256:eb9bd8a34f31dcbf103140ca6a461b6fdff47e85c62a91464413611b3f0d361f"
url = "https://github.com/docker/buildx/releases/download/v0.27.0/buildx-v0.27.0.darwin-amd64"

[tools."github:docker/buildx"."platforms.darwin-arm64"]
checksum = "sha256:068ba6899684dc390a275377632e23feda29b08f1996cd27fbdb209d8d97abd5"
url = "https://github.com/docker/buildx/releases/download/v0.27.0/buildx-v0.27.0.darwin-arm64"

[tools."github:docker/buildx"."platforms.linux-amd64"]
checksum = "sha256:4f5e5a1b6dd0d6ff8476c8def7602d1eeedcb6f602e8dcd45079d352247eba06"
url = "https://github.com/docker/buildx/releases/download/v0.27.0/buildx-v0.27.0.linux-amd64"

[tools."github:docker/buildx"."platforms.linux-arm64"]
checksum = "sha256:e3519d085710d2502c673380f763596ae0b378d0ae8976ccbb14adaed82327ef"
url = "https://github.com/docker/buildx/releases/download/v0.27.0/buildx-v0.27.0.linux-arm64"

[tools."github:docker/buildx"."platforms.linux-x64"]
checksum = "sha256:4f5e5a1b6dd0d6ff8476c8def7602d1eeedcb6f602e8dcd45079d352247eba06"
url = "https://github.com/docker/buildx/releases/download/v0.27.0/buildx-v0.27.0.linux-amd64"

[tools."github:docker/buildx"."platforms.macos-arm64"]
checksum = "sha256:068ba6899684dc390a275377632e23feda29b08f1996cd27fbdb209d8d97abd5"
url = "https://github.com/docker/buildx/releases/download/v0.27.0/buildx-v0.27.0.darwin-arm64"

[tools."github:docker/buildx"."platforms.windows-amd64"]
checksum = "sha256:1e89de288c9897990220d2ee695b50956d42a3a0792c0b070e9fee7711b9f896"
url = "https://github.com/docker/buildx/releases/download/v0.27.0/buildx-v0.27.0.windows-amd64.exe"


[[tools."github:docker/compose"]]
version = "2.39.2"
backend = "github:docker/compose"

[tools."github:docker/compose"."platforms.darwin-arm64"]
checksum = "sha256:44ea135a29b176d959aed927d61d3483b3f0e7b4a2025ab7812aa00086916f13"
url = "https://github.com/docker/compose/releases/download/v2.39.2/docker-compose-darwin-aarch64"

[tools."github:docker/compose"."platforms.linux-amd64"]
checksum = "sha256:a55a8cd4ef103aac282812554e531aac8df7e914a287ee81e14d695556a22902"
url = "https://github.com/docker/compose/releases/download/v2.39.2/docker-compose-linux-x86_64"

[tools."github:docker/compose"."platforms.linux-arm64"]
checksum = "sha256:54488fffb60782f3c8787a48b95ed15f49f5a3a85f4105304bd46db5edd9db61"
url = "https://github.com/docker/compose/releases/download/v2.39.2/docker-compose-linux-aarch64"

[tools."github:docker/compose"."platforms.linux-x64"]
checksum = "sha256:a55a8cd4ef103aac282812554e531aac8df7e914a287ee81e14d695556a22902"
url = "https://github.com/docker/compose/releases/download/v2.39.2/docker-compose-linux-x86_64"

[tools."github:docker/compose"."platforms.macos-arm64"]
checksum = "sha256:44ea135a29b176d959aed927d61d3483b3f0e7b4a2025ab7812aa00086916f13"
url = "https://github.com/docker/compose/releases/download/v2.39.2/docker-compose-darwin-aarch64"

[[tools."github:ducaale/xh"]]
version = "0.25.0"
backend = "github:ducaale/xh"

[tools."github:ducaale/xh"."platforms.darwin-amd64"]
checksum = "sha256:48b1ba31772a71bc6c6a51dc9f561f18e306c7a469c05d35a317bd74963b83e8"
url = "https://github.com/ducaale/xh/releases/download/v0.25.0/xh-v0.25.0-x86_64-apple-darwin.tar.gz"

[tools."github:ducaale/xh"."platforms.darwin-arm64"]
checksum = "sha256:08de099b7143c118899c14fae9d037152dc1dd60ace4c3204a0de4c5e02e5deb"
url = "https://github.com/ducaale/xh/releases/download/v0.25.0/xh-v0.25.0-aarch64-apple-darwin.tar.gz"

[tools."github:ducaale/xh"."platforms.linux-amd64"]
checksum = "sha256:fb3adc87b19ed1139cdd77d6d6bc0d15eb20b87e60fb5e6428102f6acd15fc10"
url = "https://github.com/ducaale/xh/releases/download/v0.25.0/xh-v0.25.0-x86_64-unknown-linux-musl.tar.gz"

[tools."github:ducaale/xh"."platforms.linux-arm64"]
checksum = "sha256:0e5b8d3f575201dca16a042b97c826c26c0c5ce6bdaaff1a132c21b31d1990dd"
url = "https://github.com/ducaale/xh/releases/download/v0.25.0/xh-v0.25.0-aarch64-unknown-linux-musl.tar.gz"

[tools."github:ducaale/xh"."platforms.linux-x64"]
checksum = "sha256:fb3adc87b19ed1139cdd77d6d6bc0d15eb20b87e60fb5e6428102f6acd15fc10"
url = "https://github.com/ducaale/xh/releases/download/v0.25.0/xh-v0.25.0-x86_64-unknown-linux-musl.tar.gz"

[tools."github:ducaale/xh"."platforms.macos-arm64"]
checksum = "sha256:08de099b7143c118899c14fae9d037152dc1dd60ace4c3204a0de4c5e02e5deb"
url = "https://github.com/ducaale/xh/releases/download/v0.25.0/xh-v0.25.0-aarch64-apple-darwin.tar.gz"

[tools."github:ducaale/xh"."platforms.windows-amd64"]
checksum = "sha256:00cf11e2dcc62d90db94cd31be6609a53ecfc786039d541ce938065132bedf01"
url = "https://github.com/ducaale/xh/releases/download/v0.25.0/xh-v0.25.0-x86_64-pc-windows-msvc.zip"

[[tools."github:getsops/sops"]]
version = "3.11.0"
backend = "github:getsops/sops"

[tools."github:getsops/sops"."platforms.linux-amd64"]
checksum = "sha256:775f1384d55decfad228e7196a3f683791914f92a473f78fc47700531c29dfef"
url = "https://github.com/getsops/sops/releases/download/v3.11.0/sops-v3.11.0.linux.amd64"

[tools."github:getsops/sops"."platforms.linux-arm64"]
checksum = "sha256:c71d32f74b3a73ce283affe6ed36e221a8f1476c3d37963f60bd962fb1676681"
url = "https://github.com/getsops/sops/releases/download/v3.11.0/sops-v3.11.0.linux.arm64"

[tools."github:getsops/sops"."platforms.linux-x64"]
checksum = "sha256:775f1384d55decfad228e7196a3f683791914f92a473f78fc47700531c29dfef"
url = "https://github.com/getsops/sops/releases/download/v3.11.0/sops-v3.11.0.linux.amd64"

[tools."github:getsops/sops"."platforms.macos-arm64"]
checksum = "sha256:45e7562b1f5d022c4d7a4e4c3d1b7b1a7ee6c328356629286cfd18a394b00e7c"
url = "https://github.com/getsops/sops/releases/download/v3.11.0/sops-v3.11.0.darwin.arm64"

[[tools."github:go-task/task"]]
version = "v3.49.1"
backend = "github:go-task/task"

[tools."github:go-task/task"."platforms.linux-arm64"]
checksum = "sha256:aa6732c9c66397c5380ec2b60c070fd599075b2a8538dba03f3a21edc99ab0cb"
url = "https://github.com/go-task/task/releases/download/v3.49.1/task_linux_arm64.tar.gz"
url_api = "https://api.github.com/repos/go-task/task/releases/assets/369609773"

[tools."github:go-task/task"."platforms.linux-x64"]
checksum = "sha256:4e7d24f1bf38218aec8f244eb7ba671f898830f9f87b3c9b30ff1c09e3135576"
url = "https://github.com/go-task/task/releases/download/v3.49.1/task_linux_amd64.tar.gz"
url_api = "https://api.github.com/repos/go-task/task/releases/assets/369609772"

[tools."github:go-task/task"."platforms.macos-arm64"]
checksum = "sha256:0f556b66df69d53b790c7fd26bfab73543b4a5ce1767df6b2e8499619e2a205b"
url = "https://github.com/go-task/task/releases/download/v3.49.1/task_darwin_arm64.tar.gz"
url_api = "https://api.github.com/repos/go-task/task/releases/assets/369609792"

[tools."github:go-task/task"."platforms.macos-x64"]
checksum = "sha256:8bc4dd3baed1c71956ade0bb0a9c1b94e3ed7b65e7f2ff3aab13d0562c820e59"
url = "https://github.com/go-task/task/releases/download/v3.49.1/task_darwin_amd64.tar.gz"
url_api = "https://api.github.com/repos/go-task/task/releases/assets/369609774"

[tools."github:go-task/task"."platforms.windows-x64"]
checksum = "sha256:725c551f699d4d6c0dc57bd8148f72bef8d5b2fb650d9c985f271a61522fd521"
url = "https://github.com/go-task/task/releases/download/v3.49.1/task_windows_amd64.zip"
url_api = "https://api.github.com/repos/go-task/task/releases/assets/369609805"

[[tools."github:jqlang/jq"]]
version = "jq-1.8.1"
backend = "github:jqlang/jq"

[tools."github:jqlang/jq"."platforms.darwin-arm64"]
checksum = "sha256:a9fe3ea2f86dfc72f6728417521ec9067b343277152b114f4e98d8cb0e263603"
url = "https://github.com/jqlang/jq/releases/download/jq-1.8.1/jq-macos-arm64"

[tools."github:jqlang/jq"."platforms.linux-amd64"]
checksum = "sha256:020468de7539ce70ef1bceaf7cde2e8c4f2ca6c3afb84642aabc5c97d9fc2a0d"
url = "https://github.com/jqlang/jq/releases/download/jq-1.8.1/jq-linux-amd64"

[tools."github:jqlang/jq"."platforms.linux-arm64"]
checksum = "sha256:6bc62f25981328edd3cfcfe6fe51b073f2d7e7710d7ef7fcdac28d4e384fc3d4"
url = "https://github.com/jqlang/jq/releases/download/jq-1.8.1/jq-linux-arm64"

[tools."github:jqlang/jq"."platforms.linux-x64"]
checksum = "sha256:020468de7539ce70ef1bceaf7cde2e8c4f2ca6c3afb84642aabc5c97d9fc2a0d"
url = "https://github.com/jqlang/jq/releases/download/jq-1.8.1/jq-linux-amd64"

[tools."github:jqlang/jq"."platforms.macos-arm64"]
checksum = "sha256:a9fe3ea2f86dfc72f6728417521ec9067b343277152b114f4e98d8cb0e263603"
url = "https://github.com/jqlang/jq/releases/download/jq-1.8.1/jq-macos-arm64"

[tools."github:jqlang/jq"."platforms.windows-amd64"]
checksum = "sha256:23cb60a1354eed6bcc8d9b9735e8c7b388cd1fdcb75726b93bc299ef22dd9334"
url = "https://github.com/jqlang/jq/releases/download/jq-1.8.1/jq-windows-amd64.exe"

[[tools."github:junegunn/fzf"]]
version = "0.65.2"
backend = "github:junegunn/fzf"

[tools."github:junegunn/fzf"."platforms.darwin-amd64"]
checksum = "sha256:4f2d7414e4dbe2469e5581c5830f29b1ed3532a3d672646e6c2e0533fc07cbea"
url = "https://github.com/junegunn/fzf/releases/download/v0.65.2/fzf-0.65.2-darwin_amd64.tar.gz"

[tools."github:junegunn/fzf"."platforms.darwin-arm64"]
checksum = "sha256:a1464f1d4b75c3a92975f67055f9e407800ed35820ea7d73f2afb90aeb0491e8"
url = "https://github.com/junegunn/fzf/releases/download/v0.65.2/fzf-0.65.2-darwin_arm64.tar.gz"

[tools."github:junegunn/fzf"."platforms.linux-amd64"]
checksum = "sha256:5eb8efc0e94aa559f84ea83eeba99bea7dce818e63f92b4b62e60663220f1c14"
url = "https://github.com/junegunn/fzf/releases/download/v0.65.2/fzf-0.65.2-linux_amd64.tar.gz"

[tools."github:junegunn/fzf"."platforms.linux-arm64"]
checksum = "sha256:097347160595bf03a426d2abe0a17e14ca060540ddfc0ea45c0a9be62bb29a2b"
url = "https://github.com/junegunn/fzf/releases/download/v0.65.2/fzf-0.65.2-linux_arm64.tar.gz"

[tools."github:junegunn/fzf"."platforms.linux-x64"]
checksum = "sha256:5eb8efc0e94aa559f84ea83eeba99bea7dce818e63f92b4b62e60663220f1c14"
url = "https://github.com/junegunn/fzf/releases/download/v0.65.2/fzf-0.65.2-linux_amd64.tar.gz"

[tools."github:junegunn/fzf"."platforms.macos-arm64"]
checksum = "sha256:a1464f1d4b75c3a92975f67055f9e407800ed35820ea7d73f2afb90aeb0491e8"
url = "https://github.com/junegunn/fzf/releases/download/v0.65.2/fzf-0.65.2-darwin_arm64.tar.gz"

[tools."github:junegunn/fzf"."platforms.windows-amd64"]
checksum = "sha256:ad77a1e4b6ea6b790b02bfad333eb3e2a802e5e5423271733b324794eda31b9e"
url = "https://github.com/junegunn/fzf/releases/download/v0.65.2/fzf-0.65.2-windows_amd64.zip"

[[tools."github:kubernetes-sigs/kind"]]
version = "0.30.0"
backend = "github:kubernetes-sigs/kind"

[tools."github:kubernetes-sigs/kind"."platforms.darwin-amd64"]
checksum = "sha256:4f0b6e3b88bdc66d922c08469f05ef507d4903dd236e6319199bb9c868eed274"
url = "https://github.com/kubernetes-sigs/kind/releases/download/v0.30.0/kind-darwin-amd64"

[tools."github:kubernetes-sigs/kind"."platforms.darwin-arm64"]
checksum = "sha256:ceaf40df1d1551c481fb50e3deb5c3deecad5fd599df5469626b70ddf52a1518"
url = "https://github.com/kubernetes-sigs/kind/releases/download/v0.30.0/kind-darwin-arm64"

[tools."github:kubernetes-sigs/kind"."platforms.linux-amd64"]
checksum = "sha256:517ab7fc89ddeed5fa65abf71530d90648d9638ef0c4cde22c2c11f8097b8889"
url = "https://github.com/kubernetes-sigs/kind/releases/download/v0.30.0/kind-linux-amd64"

[tools."github:kubernetes-sigs/kind"."platforms.linux-arm64"]
checksum = "sha256:7ea2de9d2d190022ed4a8a4e3ac0636c8a455e460b9a13ccf19f15d07f4f00eb"
url = "https://github.com/kubernetes-sigs/kind/releases/download/v0.30.0/kind-linux-arm64"

[tools."github:kubernetes-sigs/kind"."platforms.linux-x64"]
checksum = "sha256:517ab7fc89ddeed5fa65abf71530d90648d9638ef0c4cde22c2c11f8097b8889"
url = "https://github.com/kubernetes-sigs/kind/releases/download/v0.30.0/kind-linux-amd64"

[tools."github:kubernetes-sigs/kind"."platforms.macos-arm64"]
checksum = "sha256:ceaf40df1d1551c481fb50e3deb5c3deecad5fd599df5469626b70ddf52a1518"
url = "https://github.com/kubernetes-sigs/kind/releases/download/v0.30.0/kind-darwin-arm64"

[tools."github:kubernetes-sigs/kind"."platforms.windows-amd64"]
checksum = "sha256:a75fed2b6964d877461cc145b37e997ac0f59a63bd02a750134ac25378f78ce7"
url = "https://github.com/kubernetes-sigs/kind/releases/download/v0.30.0/kind-windows-amd64"


[[tools."github:sharkdp/bat"]]
version = "0.25.0"
backend = "github:sharkdp/bat"

[tools."github:sharkdp/bat"."platforms.darwin-amd64"]
checksum = "sha256:b974aa834b6b65610090aed2bc7310d11c6f500105696d23a130aee24fd8380f"
url = "https://github.com/sharkdp/bat/releases/download/v0.25.0/bat-v0.25.0-x86_64-apple-darwin.tar.gz"

[tools."github:sharkdp/bat"."platforms.darwin-arm64"]
checksum = "sha256:b3ed5a7515545445881f1036f0cc1b708c2b86cbce01c1b4033f38e0cfcc7b3c"
url = "https://github.com/sharkdp/bat/releases/download/v0.25.0/bat-v0.25.0-aarch64-apple-darwin.tar.gz"

[tools."github:sharkdp/bat"."platforms.linux-amd64"]
checksum = "sha256:93f47d76abe328c402ef712e9ac92aa6d5bc84d5adcbcaf0bbc5665e5275a941"
url = "https://github.com/sharkdp/bat/releases/download/v0.25.0/bat-v0.25.0-x86_64-unknown-linux-musl.tar.gz"

[tools."github:sharkdp/bat"."platforms.linux-arm64"]
checksum = "sha256:ee0f12cf6006a79cf4ccf75d2ddcf9f6ba124644503244b1af909c2f72a2a9f7"
url = "https://github.com/sharkdp/bat/releases/download/v0.25.0/bat-v0.25.0-aarch64-unknown-linux-musl.tar.gz"

[tools."github:sharkdp/bat"."platforms.linux-x64"]
url = "https://github.com/sharkdp/bat/releases/download/v0.25.0/bat-v0.25.0-x86_64-unknown-linux-musl.tar.gz"

[tools."github:sharkdp/bat"."platforms.macos-arm64"]
checksum = "blake3:0aaf86bdca05733ab2f75cf74456849448fa58e8e428f4cc02f48181e08cc8c2"
url = "https://github.com/sharkdp/bat/releases/download/v0.25.0/bat-v0.25.0-aarch64-apple-darwin.tar.gz"

[tools."github:sharkdp/bat"."platforms.windows-amd64"]
checksum = "sha256:1d5ced071ba9c765e16f4065877c178cefcfd2fe9581e9ddc92af265b73991bd"
url = "https://github.com/sharkdp/bat/releases/download/v0.25.0/bat-v0.25.0-x86_64-pc-windows-msvc.zip"

[[tools."github:sharkdp/fd"]]
version = "10.3.0"
backend = "github:sharkdp/fd"

[tools."github:sharkdp/fd"."platforms.darwin-amd64"]
checksum = "sha256:50d30f13fe3d5914b14c4fff5abcbd4d0cdab4b855970a6956f4f006c17117a3"
url = "https://github.com/sharkdp/fd/releases/download/v10.3.0/fd-v10.3.0-x86_64-apple-darwin.tar.gz"

[tools."github:sharkdp/fd"."platforms.darwin-arm64"]
checksum = "sha256:0570263812089120bc2a5d84f9e65cd0c25e4a4d724c80075c357239c74ae904"
url = "https://github.com/sharkdp/fd/releases/download/v10.3.0/fd-v10.3.0-aarch64-apple-darwin.tar.gz"

[tools."github:sharkdp/fd"."platforms.linux-amd64"]
checksum = "sha256:2b6bfaae8c48f12050813c2ffe1884c61ea26e750d803df9c9114550a314cd14"
url = "https://github.com/sharkdp/fd/releases/download/v10.3.0/fd-v10.3.0-x86_64-unknown-linux-musl.tar.gz"

[tools."github:sharkdp/fd"."platforms.linux-arm64"]
checksum = "sha256:996b9b1366433b211cb3bbedba91c9dbce2431842144d925428ead0adf32020b"
url = "https://github.com/sharkdp/fd/releases/download/v10.3.0/fd-v10.3.0-aarch64-unknown-linux-musl.tar.gz"

[tools."github:sharkdp/fd"."platforms.linux-x64"]
checksum = "sha256:2b6bfaae8c48f12050813c2ffe1884c61ea26e750d803df9c9114550a314cd14"
url = "https://github.com/sharkdp/fd/releases/download/v10.3.0/fd-v10.3.0-x86_64-unknown-linux-musl.tar.gz"

[tools."github:sharkdp/fd"."platforms.macos-arm64"]
checksum = "sha256:0570263812089120bc2a5d84f9e65cd0c25e4a4d724c80075c357239c74ae904"
url = "https://github.com/sharkdp/fd/releases/download/v10.3.0/fd-v10.3.0-aarch64-apple-darwin.tar.gz"

[tools."github:sharkdp/fd"."platforms.windows-amd64"]
checksum = "sha256:318aa2a6fa664325933e81fda60d523fff29444129e91ebf0726b5b3bcd8b059"
url = "https://github.com/sharkdp/fd/releases/download/v10.3.0/fd-v10.3.0-x86_64-pc-windows-msvc.zip"


[[tools."github:micro-editor/micro"]]
version = "2.0.14"
backend = "github:micro-editor/micro"

[tools."github:micro-editor/micro"."platforms.darwin-arm64"]
checksum = "sha256:e96d99cd09bde96dba3eb93e044e649fbbcf62dee63469510fbd054e1ee8f230"
url = "https://github.com/zyedidia/micro/releases/download/v2.0.14/micro-2.0.14-macos-arm64.tar.gz"

[tools."github:micro-editor/micro"."platforms.linux-arm64"]
checksum = "sha256:2e01b3ea62cdea3e62eb3ee99f6bffe84de06f689cf479173c4e7221b6613d06"
url = "https://github.com/micro-editor/micro/releases/download/v2.0.14/micro-2.0.14-linux-arm64.tar.gz"

[tools."github:micro-editor/micro"."platforms.linux-x64"]
url = "https://github.com/micro-editor/micro/releases/download/v2.0.14/micro-2.0.14-linux64-static.tar.gz"

[tools."github:micro-editor/micro"."platforms.macos-arm64"]
checksum = "blake3:b79e1455096cf4af37998a4ef0457ded4499b01aec9d860aa58d5b7ed7e02e02"
url = "https://github.com/zyedidia/micro/releases/download/v2.0.14/micro-2.0.14-macos-arm64.tgz"

[tools."github:micro-editor/micro"."platforms.windows-amd64"]
checksum = "sha256:ef95e181249d0547942558d65b73cf484d6e06490bcfc0c540085a04f1ee00f8"
url = "https://github.com/zyedidia/micro/releases/download/v2.0.14/micro-2.0.14-win64.zip"

[[tools."github:BurntSushi/ripgrep"]]
version = "14.1.1"
backend = "github:BurntSushi/ripgrep"

[tools."github:BurntSushi/ripgrep"."platforms.darwin-amd64"]
checksum = "sha256:fc87e78f7cb3fea12d69072e7ef3b21509754717b746368fd40d88963630e2b3"
url = "https://github.com/BurntSushi/ripgrep/releases/download/14.1.1/ripgrep-14.1.1-x86_64-apple-darwin.tar.gz"

[tools."github:BurntSushi/ripgrep"."platforms.darwin-arm64"]
checksum = "sha256:24ad76777745fbff131c8fbc466742b011f925bfa4fffa2ded6def23b5b937be"
url = "https://github.com/BurntSushi/ripgrep/releases/download/14.1.1/ripgrep-14.1.1-aarch64-apple-darwin.tar.gz"

[tools."github:BurntSushi/ripgrep"."platforms.linux-amd64"]
checksum = "sha256:4cf9f2741e6c465ffdb7c26f38056a59e2a2544b51f7cc128ef28337eeae4d8e"
url = "https://github.com/BurntSushi/ripgrep/releases/download/14.1.1/ripgrep-14.1.1-x86_64-unknown-linux-musl.tar.gz"

[tools."github:BurntSushi/ripgrep"."platforms.linux-arm64"]
checksum = "sha256:c827481c4ff4ea10c9dc7a4022c8de5db34a5737cb74484d62eb94a95841ab2f"
url = "https://github.com/BurntSushi/ripgrep/releases/download/14.1.1/ripgrep-14.1.1-aarch64-unknown-linux-gnu.tar.gz"
url_api = "https://api.github.com/repos/BurntSushi/ripgrep/releases/assets/191354198"

[tools."github:BurntSushi/ripgrep"."platforms.linux-x64"]
checksum = "sha256:4cf9f2741e6c465ffdb7c26f38056a59e2a2544b51f7cc128ef28337eeae4d8e"
url = "https://github.com/BurntSushi/ripgrep/releases/download/14.1.1/ripgrep-14.1.1-x86_64-unknown-linux-musl.tar.gz"
url_api = "https://api.github.com/repos/BurntSushi/ripgrep/releases/assets/191354314"

[tools."github:BurntSushi/ripgrep"."platforms.macos-arm64"]
checksum = "blake3:8d9942032585ea8ee805937634238d9aee7b210069f4703c88fbe568e26fb78a"
url = "https://github.com/BurntSushi/ripgrep/releases/download/14.1.1/ripgrep-14.1.1-aarch64-apple-darwin.tar.gz"

[tools."github:BurntSushi/ripgrep"."platforms.windows-amd64"]
checksum = "sha256:SHA256"
url = "https://github.com/BurntSushi/ripgrep/releases/download/14.1.1/ripgrep-14.1.1-x86_64-pc-windows-msvc.zip"
url_api = "https://api.github.com/repos/BurntSushi/ripgrep/releases/assets/191355384"

[[tools."github:cue-lang/cue"]]
version = "0.15.1"
backend = "github:cue-lang/cue"

[tools."github:cue-lang/cue"."platforms.linux-arm64"]
checksum = "sha256:6bb80ec3262c7cedf898a21e9e9481c86da54488f144788b1fa0a5dc01879a0b"
url = "https://github.com/cue-lang/cue/releases/download/v0.15.1/cue_v0.15.1_linux_arm64.tar.gz"
url_api = "https://api.github.com/repos/cue-lang/cue/releases/assets/319203819"

[tools."github:cue-lang/cue"."platforms.linux-x64"]
checksum = "sha256:aa282261245e9ab0d65b17ec3c7207f5231600106f7b26fc0c2e158b3937ca3f"
url = "https://github.com/cue-lang/cue/releases/download/v0.15.1/cue_v0.15.1_linux_amd64.tar.gz"
url_api = "https://api.github.com/repos/cue-lang/cue/releases/assets/319203817"

[[tools."github:dbohdan/recur"]]
version = "3.0.0"
backend = "github:dbohdan/recur"

[tools."github:dbohdan/recur"."platforms.linux-arm64"]
checksum = "sha256:6915ed18be6b46771fdbc1369ce41fa7cb311626bcd3d277856a23c440eac79a"
url = "https://github.com/dbohdan/recur/releases/download/v3.0.0/recur-v3.0.0-linux-aarch64"
url_api = "https://api.github.com/repos/dbohdan/recur/releases/assets/316742956"

[tools."github:dbohdan/recur"."platforms.linux-x64"]
checksum = "sha256:49098339a168a8df21c4044438ac683093665f86728e18132228b44ac9a39be1"
url = "https://github.com/dbohdan/recur/releases/download/v3.0.0/recur-v3.0.0-linux-x86_64"
url_api = "https://api.github.com/repos/dbohdan/recur/releases/assets/316742958"

[[tools."github:lsd-rs/lsd"]]
version = "v1.1.5"
backend = "github:lsd-rs/lsd"

[tools."github:lsd-rs/lsd"."platforms.darwin-amd64"]
checksum = "sha256:4245e4e8f6fc14376a1f96d210dcf7c55954afacb831c965d2759259cba516ef"
url = "https://github.com/lsd-rs/lsd/releases/download/v1.1.5/lsd-v1.1.5-x86_64-apple-darwin.tar.gz"

[tools."github:lsd-rs/lsd"."platforms.darwin-arm64"]
checksum = "sha256:d39006922babb1a96806e8f3f3bc197276c807a625617091c43836d8924a0c07"
url = "https://github.com/lsd-rs/lsd/releases/download/v1.1.5/lsd-v1.1.5-aarch64-apple-darwin.tar.gz"

[tools."github:lsd-rs/lsd"."platforms.linux-amd64"]
checksum = "sha256:af10fbef2472134c676396a27ecfffb34adb107da2f95d0453a3150ced33ae47"
url = "https://github.com/lsd-rs/lsd/releases/download/v1.1.5/lsd-v1.1.5-x86_64-unknown-linux-musl.tar.gz"

[tools."github:lsd-rs/lsd"."platforms.linux-arm64"]
checksum = "sha256:dd84c4add323288ff3dc072955e4ff2364a074a68bf9f1a6fb6556ad310c723b"
url = "https://github.com/lsd-rs/lsd/releases/download/v1.1.5/lsd-v1.1.5-aarch64-unknown-linux-musl.tar.gz"

[tools."github:lsd-rs/lsd"."platforms.linux-x64"]
checksum = "sha256:af10fbef2472134c676396a27ecfffb34adb107da2f95d0453a3150ced33ae47"
url = "https://github.com/lsd-rs/lsd/releases/download/v1.1.5/lsd-v1.1.5-x86_64-unknown-linux-musl.tar.gz"
url_api = "https://api.github.com/repos/lsd-rs/lsd/releases/assets/187198047"

[tools."github:lsd-rs/lsd"."platforms.macos-arm64"]
checksum = "blake3:9fb601943484b54b9b01dbb980f1aea11b54d7535cabaa014209fc71526d54bf"
url = "https://github.com/lsd-rs/lsd/releases/download/v1.1.5/lsd-v1.1.5-aarch64-apple-darwin.tar.gz"

[tools."github:lsd-rs/lsd"."platforms.windows-amd64"]
checksum = "sha256:0260b74376ced7a699a9e86eec1b5aa4cf1ad739c30829e0b53fc1be4adeaba1"
url = "https://github.com/lsd-rs/lsd/releases/download/v1.1.5/lsd-v1.1.5-x86_64-pc-windows-msvc.zip"
url_api = "https://api.github.com/repos/lsd-rs/lsd/releases/assets/187197460"

[[tools."github:lvillis/tcping-rs"]]
version = "1.2.21"
backend = "github:lvillis/tcping-rs"

[tools."github:lvillis/tcping-rs"."platforms.linux-arm64"]
checksum = "sha256:a934bf3239ab3e3fd1fe904b8d823f3a3536372af894977c777e6053175a0799"
url = "https://github.com/lvillis/tcping-rs/releases/download/1.2.21/tcping-1.2.21-aarch64-unknown-linux-musl.tar.gz"
url_api = "https://api.github.com/repos/lvillis/tcping-rs/releases/assets/311190121"

[tools."github:lvillis/tcping-rs"."platforms.linux-x64"]
checksum = "sha256:463403649c90a3bed56d6535034343e9dba0d38648a31027c96dedca477989de"
url = "https://github.com/lvillis/tcping-rs/releases/download/1.2.21/tcping-1.2.21-x86_64-unknown-linux-musl.tar.gz"
url_api = "https://api.github.com/repos/lvillis/tcping-rs/releases/assets/311190122"

[[tools."github:mikefarah/yq"]]
version = "4.44.2"
backend = "github:mikefarah/yq"

[tools."github:mikefarah/yq"."platforms.linux-arm64"]
url = "https://github.com/mikefarah/yq/releases/download/v4.44.2/yq_linux_arm64.tar.gz"
url_api = "https://api.github.com/repos/mikefarah/yq/releases/assets/174040546"

[tools."github:mikefarah/yq"."platforms.linux-x64"]
url = "https://github.com/mikefarah/yq/releases/download/v4.44.2/yq_linux_amd64.tar.gz"
url_api = "https://api.github.com/repos/mikefarah/yq/releases/assets/174040551"

[[tools."github:nushell/nushell"]]
version = "0.107.0"
backend = "github:nushell/nushell"

[tools."github:nushell/nushell"."platforms.darwin-amd64"]
checksum = "sha256:e69c2e4f3b68444e17186f289a9a2ed7ec88b57da930892b1a7a3544d68a91d1"
url = "https://github.com/nushell/nushell/releases/download/0.107.0/nu-0.107.0-x86_64-apple-darwin.tar.gz"

[tools."github:nushell/nushell"."platforms.darwin-arm64"]
checksum = "sha256:3bc70d98ab2fd94ad8244d233c92aa6e768ca2c91dd860a209ae6ba6d15f1051"
url = "https://github.com/nushell/nushell/releases/download/0.107.0/nu-0.107.0-aarch64-apple-darwin.tar.gz"

[tools."github:nushell/nushell"."platforms.linux-amd64"]
checksum = "sha256:dd369b7fedeed3add745bce2dc50e3fe71a7cb48f529456e8887d66f2cde585f"
url = "https://github.com/nushell/nushell/releases/download/0.107.0/nu-0.107.0-x86_64-unknown-linux-musl.tar.gz"

[tools."github:nushell/nushell"."platforms.linux-arm64"]
checksum = "sha256:6b1699ca3eb6f762f5fe9c401dda6a03611631bb19d707b9c45fa621e3bf2f36"
url = "https://github.com/nushell/nushell/releases/download/0.107.0/nu-0.107.0-aarch64-unknown-linux-musl.tar.gz"
url_api = "https://api.github.com/repos/nushell/nushell/releases/assets/289028561"

[tools."github:nushell/nushell"."platforms.linux-x64"]
checksum = "sha256:dd369b7fedeed3add745bce2dc50e3fe71a7cb48f529456e8887d66f2cde585f"
url = "https://github.com/nushell/nushell/releases/download/0.107.0/nu-0.107.0-x86_64-unknown-linux-musl.tar.gz"
url_api = "https://api.github.com/repos/nushell/nushell/releases/assets/289028844"

[tools."github:nushell/nushell"."platforms.macos-arm64"]
checksum = "sha256:3bc70d98ab2fd94ad8244d233c92aa6e768ca2c91dd860a209ae6ba6d15f1051"
url = "https://github.com/nushell/nushell/releases/download/0.107.0/nu-0.107.0-aarch64-apple-darwin.tar.gz"

[tools."github:nushell/nushell"."platforms.windows-amd64"]
checksum = "sha256:6f62ab495b5166239512429886f944eab9153f734a27703516d5eabb5d370e4d"
url = "https://github.com/nushell/nushell/releases/download/0.107.0/nu-0.107.0-x86_64-pc-windows-msvc.zip"
url_api = "https://api.github.com/repos/nushell/nushell/releases/assets/289032519"

[[tools."github:sharkdp/hyperfine"]]
version = "1.19.0"
backend = "github:sharkdp/hyperfine"

[tools."github:sharkdp/hyperfine"."platforms.darwin-amd64"]
checksum = "sha256:80ad420c0a9a5d090f6ca0ddc9305a139d57ba6b6e8e7adf22c800389baf3ab6"
url = "https://github.com/sharkdp/hyperfine/releases/download/v1.19.0/hyperfine-v1.19.0-x86_64-apple-darwin.tar.gz"

[tools."github:sharkdp/hyperfine"."platforms.darwin-arm64"]
checksum = "sha256:502e7c7f99e7e1919321eaa23a4a694c34b1b92d99cbd773a4a2497e100e088f"
url = "https://github.com/sharkdp/hyperfine/releases/download/v1.19.0/hyperfine-v1.19.0-aarch64-apple-darwin.tar.gz"

[tools."github:sharkdp/hyperfine"."platforms.linux-amd64"]
checksum = "sha256:825287143f397774093539ca2458854ab3735c0e8a1aaf075c22edce7d261556"
url = "https://github.com/sharkdp/hyperfine/releases/download/v1.19.0/hyperfine-v1.19.0-x86_64-unknown-linux-musl.tar.gz"

[tools."github:sharkdp/hyperfine"."platforms.linux-arm64"]
checksum = "sha256:7f9c0522e1acf869e0558e085c43f2cea3e30e4f7a4b7bc3d5540cbdee7b4273"
url = "https://github.com/sharkdp/hyperfine/releases/download/v1.19.0/hyperfine-v1.19.0-aarch64-unknown-linux-gnu.tar.gz"
url_api = "https://api.github.com/repos/sharkdp/hyperfine/releases/assets/205765093"

[tools."github:sharkdp/hyperfine"."platforms.linux-x64"]
url = "https://github.com/sharkdp/hyperfine/releases/download/v1.19.0/hyperfine-v1.19.0-x86_64-unknown-linux-musl.tar.gz"
url_api = "https://api.github.com/repos/sharkdp/hyperfine/releases/assets/205765204"

[tools."github:sharkdp/hyperfine"."platforms.macos-arm64"]
checksum = "blake3:af92c9c3868e0ffcfd4375650958f00155f32acf1fe6205522b9d1f8a20c8c3c"
url = "https://github.com/sharkdp/hyperfine/releases/download/v1.19.0/hyperfine-v1.19.0-aarch64-apple-darwin.tar.gz"

[tools."github:sharkdp/hyperfine"."platforms.windows-amd64"]
checksum = "sha256:3e488eea6d930f54a43b1b2c8c01226286c7c01b5ba7211d7beb9029918a616c"
url = "https://github.com/sharkdp/hyperfine/releases/download/v1.19.0/hyperfine-v1.19.0-x86_64-pc-windows-msvc.zip"
url_api = "https://api.github.com/repos/sharkdp/hyperfine/releases/assets/205764932"

[[tools."http:docker-cli"]]
version = "28.5.1"
backend = "http:docker-cli"

[tools."http:docker-cli".platforms.linux-x64]
url = "https://download.docker.com/linux/static/stable/x86_64/docker-28.5.1.tgz"

[tools."http:docker-cli".platforms.linux-amd64]
url = "https://download.docker.com/linux/static/stable/x86_64/docker-28.5.1.tgz"

[tools."http:docker-cli".platforms.linux-arm64]
url = "https://download.docker.com/linux/static/stable/aarch64/docker-28.5.1.tgz"

[tools."http:docker-cli".platforms.darwin-amd64]
url = "https://download.docker.com/mac/static/stable/x86_64/docker-28.5.1.tgz"

[tools."http:docker-cli".platforms.darwin-arm64]
url = "https://download.docker.com/mac/static/stable/aarch64/docker-28.5.1.tgz"

[tools."http:docker-cli".platforms.windows-amd64]
url = "https://download.docker.com/win/static/stable/x86_64/docker-28.5.1.zip"

[[tools."http:kubectl"]]
version = "1.34.1"
backend = "http:kubectl"

[tools."http:kubectl".platforms.linux-x64]
url = "https://dl.k8s.io/v1.34.1/bin/linux/amd64/kubectl"

[tools."http:kubectl".platforms.linux-amd64]
url = "https://dl.k8s.io/v1.34.1/bin/linux/amd64/kubectl"

[tools."http:kubectl".platforms.linux-arm64]
url = "https://dl.k8s.io/v1.34.1/bin/linux/arm64/kubectl"

[tools."http:kubectl".platforms.darwin-amd64]
url = "https://dl.k8s.io/v1.34.1/bin/darwin/amd64/kubectl"

[tools."http:kubectl".platforms.darwin-arm64]
url = "https://dl.k8s.io/v1.34.1/bin/darwin/arm64/kubectl"

[tools."http:kubectl".platforms.windows-amd64]
url = "https://dl.k8s.io/v1.34.1/bin/windows/amd64/kubectl.exe"

[[tools."http:skaffold"]]
version = "2.16.1"
backend = "http:skaffold"

[tools."http:skaffold".platforms.linux-x64]
url = "https://storage.googleapis.com/skaffold/releases/v2.16.1/skaffold-linux-amd64"

[tools."http:skaffold".platforms.linux-amd64]
url = "https://storage.googleapis.com/skaffold/releases/v2.16.1/skaffold-linux-amd64"

[tools."http:skaffold".platforms.linux-arm64]
url = "https://storage.googleapis.com/skaffold/releases/v2.16.1/skaffold-linux-arm64"

[tools."http:skaffold".platforms.darwin-amd64]
url = "https://storage.googleapis.com/skaffold/releases/v2.16.1/skaffold-darwin-amd64"

[tools."http:skaffold".platforms.darwin-arm64]
url = "https://storage.googleapis.com/skaffold/releases/v2.16.1/skaffold-darwin-arm64"

[tools."http:skaffold".platforms.windows-amd64]
url = "https://storage.googleapis.com/skaffold/releases/v2.16.1/skaffold-windows-amd64.exe"
