# @generated - this file is auto-generated by `mise lock` https://mise.jdx.dev/dev-tools/mise-lock.html

[[tools."aqua:Byron/dua-cli"]]
version = "2.34.0"
backend = "aqua:Byron/dua-cli"

[tools."aqua:Byron/dua-cli"."platforms.darwin-amd64"]
url = "https://github.com/Byron/dua-cli/releases/download/v2.34.0/dua-v2.34.0-x86_64-apple-darwin.tar.gz"

[tools."aqua:Byron/dua-cli"."platforms.linux-amd64"]
url = "https://github.com/Byron/dua-cli/releases/download/v2.34.0/dua-v2.34.0-x86_64-unknown-linux-musl.tar.gz"

[tools."aqua:Byron/dua-cli"."platforms.linux-arm64"]
url = "https://github.com/Byron/dua-cli/releases/download/v2.34.0/dua-v2.34.0-aarch64-unknown-linux-musl.tar.gz"

[tools."aqua:Byron/dua-cli"."platforms.linux-x64"]
url = "https://github.com/Byron/dua-cli/releases/download/v2.34.0/dua-v2.34.0-x86_64-unknown-linux-musl.tar.gz"

[tools."aqua:Byron/dua-cli"."platforms.macos-arm64"]
url = "https://github.com/Byron/dua-cli/releases/download/v2.34.0/dua-v2.34.0-x86_64-apple-darwin.tar.gz"

[tools."aqua:Byron/dua-cli"."platforms.windows-amd64"]
url = "https://github.com/Byron/dua-cli/releases/download/v2.34.0/dua-v2.34.0-x86_64-pc-windows-msvc.zip"

[[tools."github:ajeetdsouza/zoxide"]]
version = "0.9.9"
backend = "github:ajeetdsouza/zoxide"

[tools."github:ajeetdsouza/zoxide"."platforms.darwin-amd64"]
url = "https://github.com/ajeetdsouza/zoxide/releases/download/v0.9.9/zoxide-0.9.9-x86_64-apple-darwin.tar.gz"
url_api = "https://api.github.com/repos/ajeetdsouza/zoxide/releases/assets/258335105"

[tools."github:ajeetdsouza/zoxide"."platforms.darwin-arm64"]
url = "https://github.com/ajeetdsouza/zoxide/releases/download/v0.9.9/zoxide-0.9.9-aarch64-apple-darwin.tar.gz"
url_api = "https://api.github.com/repos/ajeetdsouza/zoxide/releases/assets/258335957"

[tools."github:ajeetdsouza/zoxide"."platforms.linux-amd64"]
url = "https://github.com/ajeetdsouza/zoxide/releases/download/v0.9.9/zoxide-0.9.9-x86_64-unknown-linux-musl.tar.gz"
url_api = "https://api.github.com/repos/ajeetdsouza/zoxide/releases/assets/258335140"

[tools."github:ajeetdsouza/zoxide"."platforms.linux-arm64"]
url = "https://github.com/ajeetdsouza/zoxide/releases/download/v0.9.9/zoxide-0.9.9-aarch64-unknown-linux-musl.tar.gz"
url_api = "https://api.github.com/repos/ajeetdsouza/zoxide/releases/assets/258335142"

[tools."github:ajeetdsouza/zoxide"."platforms.linux-x64"]
url = "https://github.com/ajeetdsouza/zoxide/releases/download/v0.9.9/zoxide-0.9.9-x86_64-unknown-linux-musl.tar.gz"
url_api = "https://api.github.com/repos/ajeetdsouza/zoxide/releases/assets/258335140"

[tools."github:ajeetdsouza/zoxide"."platforms.macos-arm64"]
url = "https://github.com/ajeetdsouza/zoxide/releases/download/v0.9.9/zoxide-0.9.9-aarch64-apple-darwin.tar.gz"
url_api = "https://api.github.com/repos/ajeetdsouza/zoxide/releases/assets/258335957"

[tools."github:ajeetdsouza/zoxide"."platforms.windows-amd64"]
url = "https://github.com/ajeetdsouza/zoxide/releases/download/v0.9.9/zoxide-0.9.9-x86_64-pc-windows-msvc.zip"
url_api = "https://api.github.com/repos/ajeetdsouza/zoxide/releases/assets/258335168"

[[tools."github:astral-sh/uv"]]
version = "0.10.12"
backend = "github:astral-sh/uv"

[tools."github:astral-sh/uv"."platforms.darwin-amd64"]
url = "https://github.com/astral-sh/uv/releases/download/0.10.12/uv-x86_64-apple-darwin.tar.gz"
url_api = "https://api.github.com/repos/astral-sh/uv/releases/assets/245014405"

[tools."github:astral-sh/uv"."platforms.darwin-arm64"]
url = "https://github.com/astral-sh/uv/releases/download/0.10.12/uv-aarch64-apple-darwin.tar.gz"
url_api = "https://api.github.com/repos/astral-sh/uv/releases/assets/245014372"

[tools."github:astral-sh/uv"."platforms.linux-amd64"]
url = "https://github.com/astral-sh/uv/releases/download/0.10.12/uv-x86_64-unknown-linux-musl.tar.gz"
url_api = "https://api.github.com/repos/astral-sh/uv/releases/assets/245014414"

[tools."github:astral-sh/uv"."platforms.linux-arm64"]
url = "https://github.com/astral-sh/uv/releases/download/0.10.12/uv-aarch64-unknown-linux-musl.tar.gz"
url_api = "https://api.github.com/repos/astral-sh/uv/releases/assets/245014378"

[tools."github:astral-sh/uv"."platforms.linux-x64"]
url = "https://github.com/astral-sh/uv/releases/download/0.10.12/uv-x86_64-unknown-linux-musl.tar.gz"
url_api = "https://api.github.com/repos/astral-sh/uv/releases/assets/245014414"

[tools."github:astral-sh/uv"."platforms.macos-arm64"]
url = "https://github.com/astral-sh/uv/releases/download/0.10.12/uv-aarch64-apple-darwin.tar.gz"
url_api = "https://api.github.com/repos/astral-sh/uv/releases/assets/245014372"

[tools."github:astral-sh/uv"."platforms.windows-amd64"]
url = "https://github.com/astral-sh/uv/releases/download/0.10.12/uv-x86_64-pc-windows-msvc.zip"
url_api = "https://api.github.com/repos/astral-sh/uv/releases/assets/245014407"

[[tools."github:bufbuild/buf"]]
version = "1.66.1"
backend = "github:bufbuild/buf"

[tools."github:bufbuild/buf"."platforms.darwin-amd64"]
url = "https://github.com/bufbuild/buf/releases/download/v1.66.1/buf-Darwin-x86_64.tar.gz"
url_api = "https://api.github.com/repos/bufbuild/buf/releases/assets/293982066"

[tools."github:bufbuild/buf"."platforms.darwin-arm64"]
url = "https://github.com/bufbuild/buf/releases/download/v1.66.1/buf-Darwin-arm64.tar.gz"
url_api = "https://api.github.com/repos/bufbuild/buf/releases/assets/293982067"

[tools."github:bufbuild/buf"."platforms.linux-amd64"]
url = "https://github.com/bufbuild/buf/releases/download/v1.66.1/buf-Linux-x86_64.tar.gz"
url_api = "https://api.github.com/repos/bufbuild/buf/releases/assets/293982092"

[tools."github:bufbuild/buf"."platforms.linux-arm64"]
url = "https://github.com/bufbuild/buf/releases/download/v1.66.1/buf-Linux-aarch64.tar.gz"
url_api = "https://api.github.com/repos/bufbuild/buf/releases/assets/293982073"

[tools."github:bufbuild/buf"."platforms.linux-x64"]
url = "https://github.com/bufbuild/buf/releases/download/v1.66.1/buf-Linux-x86_64.tar.gz"
url_api = "https://api.github.com/repos/bufbuild/buf/releases/assets/293982092"

[tools."github:bufbuild/buf"."platforms.macos-arm64"]
url = "https://github.com/bufbuild/buf/releases/download/v1.66.1/buf-Darwin-arm64.tar.gz"
url_api = "https://api.github.com/repos/bufbuild/buf/releases/assets/293982067"

[tools."github:bufbuild/buf"."platforms.windows-amd64"]
url = "https://github.com/bufbuild/buf/releases/download/v1.66.1/buf-Windows-x86_64.zip"
url_api = "https://api.github.com/repos/bufbuild/buf/releases/assets/293982102"

[[tools."github:casey/just"]]
version = "1.47.1"
backend = "github:casey/just"

[tools."github:casey/just"."platforms.darwin-amd64"]
url = "https://github.com/casey/just/releases/download/1.47.1/just-1.47.1-x86_64-apple-darwin.tar.gz"
url_api = "https://api.github.com/repos/casey/just/releases/assets/276110842"

[tools."github:casey/just"."platforms.darwin-arm64"]
url = "https://github.com/casey/just/releases/download/1.47.1/just-1.47.1-aarch64-apple-darwin.tar.gz"
url_api = "https://api.github.com/repos/casey/just/releases/assets/276110831"

[tools."github:casey/just"."platforms.linux-amd64"]
url = "https://github.com/casey/just/releases/download/1.47.1/just-1.47.1-x86_64-unknown-linux-musl.tar.gz"
url_api = "https://api.github.com/repos/casey/just/releases/assets/276111021"

[tools."github:casey/just"."platforms.linux-arm64"]
url = "https://github.com/casey/just/releases/download/1.47.1/just-1.47.1-aarch64-unknown-linux-musl.tar.gz"
url_api = "https://api.github.com/repos/casey/just/releases/assets/276111941"

[tools."github:casey/just"."platforms.linux-x64"]
url = "https://github.com/casey/just/releases/download/1.47.1/just-1.47.1-x86_64-unknown-linux-musl.tar.gz"
url_api = "https://api.github.com/repos/casey/just/releases/assets/276111021"

[tools."github:casey/just"."platforms.macos-arm64"]
url = "https://github.com/casey/just/releases/download/1.47.1/just-1.47.1-aarch64-apple-darwin.tar.gz"
url_api = "https://api.github.com/repos/casey/just/releases/assets/276110831"

[tools."github:casey/just"."platforms.windows-amd64"]
url = "https://github.com/casey/just/releases/download/1.47.1/just-1.47.1-x86_64-pc-windows-msvc.zip"
url_api = "https://api.github.com/repos/casey/just/releases/assets/276111982"

[[tools."github:docker/buildx"]]
version = "0.32.1"
backend = "github:docker/buildx"

[tools."github:docker/buildx"."platforms.darwin-amd64"]
url = "https://github.com/docker/buildx/releases/download/v0.32.1/buildx-v0.32.1.darwin-amd64"
url_api = "https://api.github.com/repos/docker/buildx/releases/assets/284398144"

[tools."github:docker/buildx"."platforms.darwin-arm64"]
url = "https://github.com/docker/buildx/releases/download/v0.32.1/buildx-v0.32.1.darwin-arm64"
url_api = "https://api.github.com/repos/docker/buildx/releases/assets/284398474"

[tools."github:docker/buildx"."platforms.linux-amd64"]
url = "https://github.com/docker/buildx/releases/download/v0.32.1/buildx-v0.32.1.linux-amd64"
url_api = "https://api.github.com/repos/docker/buildx/releases/assets/284355393"

[tools."github:docker/buildx"."platforms.linux-arm64"]
url = "https://github.com/docker/buildx/releases/download/v0.32.1/buildx-v0.32.1.linux-arm64"
url_api = "https://api.github.com/repos/docker/buildx/releases/assets/284355395"

[tools."github:docker/buildx"."platforms.linux-x64"]
url = "https://github.com/docker/buildx/releases/download/v0.32.1/buildx-v0.32.1.linux-amd64"
url_api = "https://api.github.com/repos/docker/buildx/releases/assets/284355393"

[tools."github:docker/buildx"."platforms.macos-arm64"]
url = "https://github.com/docker/buildx/releases/download/v0.32.1/buildx-v0.32.1.darwin-arm64"
url_api = "https://api.github.com/repos/docker/buildx/releases/assets/284398474"

[tools."github:docker/buildx"."platforms.windows-amd64"]
url = "https://github.com/docker/buildx/releases/download/v0.32.1/buildx-v0.32.1.windows-amd64.exe"
url_api = "https://api.github.com/repos/docker/buildx/releases/assets/284355384"

[[tools."github:docker/compose"]]
version = "5.1.0"
backend = "github:docker/compose"

[tools."github:docker/compose"."platforms.darwin-arm64"]
url = "https://github.com/docker/compose/releases/download/v5.1.0/docker-compose-darwin-aarch64"
url_api = "https://api.github.com/repos/docker/compose/releases/assets/280662764"

[tools."github:docker/compose"."platforms.linux-amd64"]
url = "https://github.com/docker/compose/releases/download/v5.1.0/docker-compose-linux-x86_64"
url_api = "https://api.github.com/repos/docker/compose/releases/assets/280662929"

[tools."github:docker/compose"."platforms.linux-arm64"]
url = "https://github.com/docker/compose/releases/download/v5.1.0/docker-compose-linux-aarch64"
url_api = "https://api.github.com/repos/docker/compose/releases/assets/280662830"

[tools."github:docker/compose"."platforms.linux-x64"]
url = "https://github.com/docker/compose/releases/download/v5.1.0/docker-compose-linux-x86_64"
url_api = "https://api.github.com/repos/docker/compose/releases/assets/280662929"

[tools."github:docker/compose"."platforms.macos-arm64"]
url = "https://github.com/docker/compose/releases/download/v5.1.0/docker-compose-darwin-aarch64"
url_api = "https://api.github.com/repos/docker/compose/releases/assets/280662764"

[[tools."github:ducaale/xh"]]
version = "0.25.3"
backend = "github:ducaale/xh"

[tools."github:ducaale/xh"."platforms.darwin-amd64"]
url = "https://github.com/ducaale/xh/releases/download/v0.25.3/xh-v0.25.3-x86_64-apple-darwin.tar.gz"
url_api = "https://api.github.com/repos/ducaale/xh/releases/assets/295181871"

[tools."github:ducaale/xh"."platforms.darwin-arm64"]
url = "https://github.com/ducaale/xh/releases/download/v0.25.3/xh-v0.25.3-aarch64-apple-darwin.tar.gz"
url_api = "https://api.github.com/repos/ducaale/xh/releases/assets/295178906"

[tools."github:ducaale/xh"."platforms.linux-amd64"]
url = "https://github.com/ducaale/xh/releases/download/v0.25.3/xh-v0.25.3-x86_64-unknown-linux-musl.tar.gz"
url_api = "https://api.github.com/repos/ducaale/xh/releases/assets/295179506"

[tools."github:ducaale/xh"."platforms.linux-arm64"]
url = "https://github.com/ducaale/xh/releases/download/v0.25.3/xh-v0.25.3-aarch64-unknown-linux-musl.tar.gz"
url_api = "https://api.github.com/repos/ducaale/xh/releases/assets/295179337"

[tools."github:ducaale/xh"."platforms.linux-x64"]
url = "https://github.com/ducaale/xh/releases/download/v0.25.3/xh-v0.25.3-x86_64-unknown-linux-musl.tar.gz"
url_api = "https://api.github.com/repos/ducaale/xh/releases/assets/295179506"

[tools."github:ducaale/xh"."platforms.macos-arm64"]
url = "https://github.com/ducaale/xh/releases/download/v0.25.3/xh-v0.25.3-aarch64-apple-darwin.tar.gz"
url_api = "https://api.github.com/repos/ducaale/xh/releases/assets/295178906"

[tools."github:ducaale/xh"."platforms.windows-amd64"]
url = "https://github.com/ducaale/xh/releases/download/v0.25.3/xh-v0.25.3-x86_64-pc-windows-msvc.zip"
url_api = "https://api.github.com/repos/ducaale/xh/releases/assets/295179633"

[[tools."github:getsops/sops"]]
version = "3.12.2"
backend = "github:getsops/sops"

[tools."github:getsops/sops"."platforms.linux-amd64"]
url = "https://github.com/getsops/sops/releases/download/v3.12.2/sops-v3.12.2.linux.amd64"
url_api = "https://api.github.com/repos/getsops/sops/releases/assets/298210450"

[tools."github:getsops/sops"."platforms.linux-arm64"]
url = "https://github.com/getsops/sops/releases/download/v3.12.2/sops-v3.12.2.linux.arm64"
url_api = "https://api.github.com/repos/getsops/sops/releases/assets/298210451"

[tools."github:getsops/sops"."platforms.linux-x64"]
url = "https://github.com/getsops/sops/releases/download/v3.12.2/sops-v3.12.2.linux.amd64"
url_api = "https://api.github.com/repos/getsops/sops/releases/assets/298210450"

[tools."github:getsops/sops"."platforms.macos-arm64"]
url = "https://github.com/getsops/sops/releases/download/v3.12.2/sops-v3.12.2.darwin.arm64"
url_api = "https://api.github.com/repos/getsops/sops/releases/assets/298210444"

[[tools."github:go-task/task"]]
version = "v3.49.1"
backend = "github:go-task/task"

[tools."github:go-task/task"."platforms.linux-arm64"]
checksum = "sha256:aa6732c9c66397c5380ec2b60c070fd599075b2a8538dba03f3a21edc99ab0cb"
url = "https://github.com/go-task/task/releases/download/v3.49.1/task_linux_arm64.tar.gz"
url_api = "https://api.github.com/repos/go-task/task/releases/assets/369609773"

[tools."github:go-task/task"."platforms.linux-x64"]
checksum = "sha256:4e7d24f1bf38218aec8f244eb7ba671f898830f9f87b3c9b30ff1c09e3135576"
url = "https://github.com/go-task/task/releases/download/v3.49.1/task_linux_amd64.tar.gz"
url_api = "https://api.github.com/repos/go-task/task/releases/assets/369609772"

[tools."github:go-task/task"."platforms.macos-arm64"]
checksum = "sha256:0f556b66df69d53b790c7fd26bfab73543b4a5ce1767df6b2e8499619e2a205b"
url = "https://github.com/go-task/task/releases/download/v3.49.1/task_darwin_arm64.tar.gz"
url_api = "https://api.github.com/repos/go-task/task/releases/assets/369609792"

[tools."github:go-task/task"."platforms.macos-x64"]
checksum = "sha256:8bc4dd3baed1c71956ade0bb0a9c1b94e3ed7b65e7f2ff3aab13d0562c820e59"
url = "https://github.com/go-task/task/releases/download/v3.49.1/task_darwin_amd64.tar.gz"
url_api = "https://api.github.com/repos/go-task/task/releases/assets/369609774"

[tools."github:go-task/task"."platforms.windows-x64"]
checksum = "sha256:725c551f699d4d6c0dc57bd8148f72bef8d5b2fb650d9c985f271a61522fd521"
url = "https://github.com/go-task/task/releases/download/v3.49.1/task_windows_amd64.zip"
url_api = "https://api.github.com/repos/go-task/task/releases/assets/369609805"

[[tools."github:jqlang/jq"]]
version = "jq-1.8.1"
backend = "github:jqlang/jq"

[tools."github:jqlang/jq"."platforms.darwin-arm64"]
checksum = "sha256:a9fe3ea2f86dfc72f6728417521ec9067b343277152b114f4e98d8cb0e263603"
url = "https://github.com/jqlang/jq/releases/download/jq-1.8.1/jq-macos-arm64"
url_api = "https://api.github.com/repos/jqlang/jq/releases/assets/268981506"

[tools."github:jqlang/jq"."platforms.linux-amd64"]
checksum = "sha256:020468de7539ce70ef1bceaf7cde2e8c4f2ca6c3afb84642aabc5c97d9fc2a0d"
url = "https://github.com/jqlang/jq/releases/download/jq-1.8.1/jq-linux-amd64"
url_api = "https://api.github.com/repos/jqlang/jq/releases/assets/268981484"

[tools."github:jqlang/jq"."platforms.linux-arm64"]
checksum = "sha256:6bc62f25981328edd3cfcfe6fe51b073f2d7e7710d7ef7fcdac28d4e384fc3d4"
url = "https://github.com/jqlang/jq/releases/download/jq-1.8.1/jq-linux-arm64"
url_api = "https://api.github.com/repos/jqlang/jq/releases/assets/268981481"

[tools."github:jqlang/jq"."platforms.linux-x64"]
checksum = "sha256:020468de7539ce70ef1bceaf7cde2e8c4f2ca6c3afb84642aabc5c97d9fc2a0d"
url = "https://github.com/jqlang/jq/releases/download/jq-1.8.1/jq-linux-amd64"
url_api = "https://api.github.com/repos/jqlang/jq/releases/assets/268981484"

[tools."github:jqlang/jq"."platforms.macos-arm64"]
checksum = "sha256:a9fe3ea2f86dfc72f6728417521ec9067b343277152b114f4e98d8cb0e263603"
url = "https://github.com/jqlang/jq/releases/download/jq-1.8.1/jq-macos-arm64"
url_api = "https://api.github.com/repos/jqlang/jq/releases/assets/268981506"

[tools."github:jqlang/jq"."platforms.windows-amd64"]
checksum = "sha256:23cb60a1354eed6bcc8d9b9735e8c7b388cd1fdcb75726b93bc299ef22dd9334"
url = "https://github.com/jqlang/jq/releases/download/jq-1.8.1/jq-windows-amd64.exe"
url_api = "https://api.github.com/repos/jqlang/jq/releases/assets/268981509"

[[tools."github:junegunn/fzf"]]
version = "0.70.0"
backend = "github:junegunn/fzf"

[tools."github:junegunn/fzf"."platforms.darwin-amd64"]
url = "https://github.com/junegunn/fzf/releases/download/v0.70.0/fzf-0.70.0-darwin_amd64.tar.gz"
url_api = "https://api.github.com/repos/junegunn/fzf/releases/assets/288116174"

[tools."github:junegunn/fzf"."platforms.darwin-arm64"]
url = "https://github.com/junegunn/fzf/releases/download/v0.70.0/fzf-0.70.0-darwin_arm64.tar.gz"
url_api = "https://api.github.com/repos/junegunn/fzf/releases/assets/288116185"

[tools."github:junegunn/fzf"."platforms.linux-amd64"]
url = "https://github.com/junegunn/fzf/releases/download/v0.70.0/fzf-0.70.0-linux_amd64.tar.gz"
url_api = "https://api.github.com/repos/junegunn/fzf/releases/assets/288116170"

[tools."github:junegunn/fzf"."platforms.linux-arm64"]
url = "https://github.com/junegunn/fzf/releases/download/v0.70.0/fzf-0.70.0-linux_arm64.tar.gz"
url_api = "https://api.github.com/repos/junegunn/fzf/releases/assets/288116167"

[tools."github:junegunn/fzf"."platforms.linux-x64"]
url = "https://github.com/junegunn/fzf/releases/download/v0.70.0/fzf-0.70.0-linux_amd64.tar.gz"
url_api = "https://api.github.com/repos/junegunn/fzf/releases/assets/288116170"

[tools."github:junegunn/fzf"."platforms.macos-arm64"]
url = "https://github.com/junegunn/fzf/releases/download/v0.70.0/fzf-0.70.0-darwin_arm64.tar.gz"
url_api = "https://api.github.com/repos/junegunn/fzf/releases/assets/288116185"

[tools."github:junegunn/fzf"."platforms.windows-amd64"]
url = "https://github.com/junegunn/fzf/releases/download/v0.70.0/fzf-0.70.0-windows_amd64.zip"
url_api = "https://api.github.com/repos/junegunn/fzf/releases/assets/288116182"

[[tools."github:kubernetes-sigs/kind"]]
version = "0.31.0"
backend = "github:kubernetes-sigs/kind"

[tools."github:kubernetes-sigs/kind"."platforms.darwin-amd64"]
url = "https://github.com/kubernetes-sigs/kind/releases/download/v0.31.0/kind-darwin-amd64"
url_api = "https://api.github.com/repos/kubernetes-sigs/kind/releases/assets/286839228"

[tools."github:kubernetes-sigs/kind"."platforms.darwin-arm64"]
url = "https://github.com/kubernetes-sigs/kind/releases/download/v0.31.0/kind-darwin-arm64"
url_api = "https://api.github.com/repos/kubernetes-sigs/kind/releases/assets/286839245"

[tools."github:kubernetes-sigs/kind"."platforms.linux-amd64"]
url = "https://github.com/kubernetes-sigs/kind/releases/download/v0.31.0/kind-linux-amd64"
url_api = "https://api.github.com/repos/kubernetes-sigs/kind/releases/assets/286839277"

[tools."github:kubernetes-sigs/kind"."platforms.linux-arm64"]
url = "https://github.com/kubernetes-sigs/kind/releases/download/v0.31.0/kind-linux-arm64"
url_api = "https://api.github.com/repos/kubernetes-sigs/kind/releases/assets/286839290"

[tools."github:kubernetes-sigs/kind"."platforms.linux-x64"]
url = "https://github.com/kubernetes-sigs/kind/releases/download/v0.31.0/kind-linux-amd64"
url_api = "https://api.github.com/repos/kubernetes-sigs/kind/releases/assets/286839277"

[tools."github:kubernetes-sigs/kind"."platforms.macos-arm64"]
url = "https://github.com/kubernetes-sigs/kind/releases/download/v0.31.0/kind-darwin-arm64"
url_api = "https://api.github.com/repos/kubernetes-sigs/kind/releases/assets/286839245"

[tools."github:kubernetes-sigs/kind"."platforms.windows-amd64"]
url = "https://github.com/kubernetes-sigs/kind/releases/download/v0.31.0/kind-windows-amd64"
url_api = "https://api.github.com/repos/kubernetes-sigs/kind/releases/assets/286839299"

[[tools."github:sharkdp/bat"]]
version = "0.26.1"
backend = "github:sharkdp/bat"

[tools."github:sharkdp/bat"."platforms.darwin-amd64"]
url = "https://github.com/sharkdp/bat/releases/download/v0.26.1/bat-v0.26.1-x86_64-apple-darwin.tar.gz"
url_api = "https://api.github.com/repos/sharkdp/bat/releases/assets/218683606"

[tools."github:sharkdp/bat"."platforms.darwin-arm64"]
url = "https://github.com/sharkdp/bat/releases/download/v0.26.1/bat-v0.26.1-aarch64-apple-darwin.tar.gz"
url_api = "https://api.github.com/repos/sharkdp/bat/releases/assets/218682484"

[tools."github:sharkdp/bat"."platforms.linux-amd64"]
url = "https://github.com/sharkdp/bat/releases/download/v0.26.1/bat-v0.26.1-x86_64-unknown-linux-musl.tar.gz"
url_api = "https://api.github.com/repos/sharkdp/bat/releases/assets/218683486"

[tools."github:sharkdp/bat"."platforms.linux-arm64"]
url = "https://github.com/sharkdp/bat/releases/download/v0.26.1/bat-v0.26.1-aarch64-unknown-linux-musl.tar.gz"
url_api = "https://api.github.com/repos/sharkdp/bat/releases/assets/218682971"

[tools."github:sharkdp/bat"."platforms.linux-x64"]
url = "https://github.com/sharkdp/bat/releases/download/v0.26.1/bat-v0.26.1-x86_64-unknown-linux-musl.tar.gz"
url_api = "https://api.github.com/repos/sharkdp/bat/releases/assets/218683486"

[tools."github:sharkdp/bat"."platforms.macos-arm64"]
url = "https://github.com/sharkdp/bat/releases/download/v0.26.1/bat-v0.26.1-aarch64-apple-darwin.tar.gz"
url_api = "https://api.github.com/repos/sharkdp/bat/releases/assets/218682484"

[tools."github:sharkdp/bat"."platforms.windows-amd64"]
url = "https://github.com/sharkdp/bat/releases/download/v0.26.1/bat-v0.26.1-x86_64-pc-windows-msvc.zip"
url_api = "https://api.github.com/repos/sharkdp/bat/releases/assets/218683627"

[[tools."github:sharkdp/fd"]]
version = "10.4.2"
backend = "github:sharkdp/fd"

[tools."github:sharkdp/fd"."platforms.darwin-amd64"]
url = "https://github.com/sharkdp/fd/releases/download/v10.4.2/fd-v10.4.2-x86_64-apple-darwin.tar.gz"
url_api = "https://api.github.com/repos/sharkdp/fd/releases/assets/286315525"

[tools."github:sharkdp/fd"."platforms.darwin-arm64"]
url = "https://github.com/sharkdp/fd/releases/download/v10.4.2/fd-v10.4.2-aarch64-apple-darwin.tar.gz"
url_api = "https://api.github.com/repos/sharkdp/fd/releases/assets/286314251"

[tools."github:sharkdp/fd"."platforms.linux-amd64"]
url = "https://github.com/sharkdp/fd/releases/download/v10.4.2/fd-v10.4.2-x86_64-unknown-linux-musl.tar.gz"
url_api = "https://api.github.com/repos/sharkdp/fd/releases/assets/286314841"

[tools."github:sharkdp/fd"."platforms.linux-arm64"]
url = "https://github.com/sharkdp/fd/releases/download/v10.4.2/fd-v10.4.2-aarch64-unknown-linux-musl.tar.gz"
url_api = "https://api.github.com/repos/sharkdp/fd/releases/assets/286314809"

[tools."github:sharkdp/fd"."platforms.linux-x64"]
url = "https://github.com/sharkdp/fd/releases/download/v10.4.2/fd-v10.4.2-x86_64-unknown-linux-musl.tar.gz"
url_api = "https://api.github.com/repos/sharkdp/fd/releases/assets/286314841"

[tools."github:sharkdp/fd"."platforms.macos-arm64"]
url = "https://github.com/sharkdp/fd/releases/download/v10.4.2/fd-v10.4.2-aarch64-apple-darwin.tar.gz"
url_api = "https://api.github.com/repos/sharkdp/fd/releases/assets/286314251"

[tools."github:sharkdp/fd"."platforms.windows-amd64"]
url = "https://github.com/sharkdp/fd/releases/download/v10.4.2/fd-v10.4.2-x86_64-pc-windows-msvc.zip"
url_api = "https://api.github.com/repos/sharkdp/fd/releases/assets/286314811"

[[tools."github:micro-editor/micro"]]
version = "2.0.15"
backend = "github:micro-editor/micro"

[tools."github:micro-editor/micro"."platforms.darwin-arm64"]
url = "https://github.com/zyedidia/micro/releases/download/v2.0.15/micro-2.0.15-macos-arm64.tar.gz"
url_api = "https://api.github.com/repos/zyedidia/micro/releases/assets/188940119"

[tools."github:micro-editor/micro"."platforms.linux-arm64"]
url = "https://github.com/micro-editor/micro/releases/download/v2.0.15/micro-2.0.15-linux-arm64.tar.gz"
url_api = "https://api.github.com/repos/micro-editor/micro/releases/assets/188940115"

[tools."github:micro-editor/micro"."platforms.linux-x64"]
url = "https://github.com/micro-editor/micro/releases/download/v2.0.15/micro-2.0.15-linux64-static.tar.gz"
url_api = "https://api.github.com/repos/micro-editor/micro/releases/assets/188940106"

[tools."github:micro-editor/micro"."platforms.macos-arm64"]
url = "https://github.com/zyedidia/micro/releases/download/v2.0.15/micro-2.0.15-macos-arm64.tgz"
url_api = "https://api.github.com/repos/zyedidia/micro/releases/assets/188669464"

[tools."github:micro-editor/micro"."platforms.windows-amd64"]
url = "https://github.com/zyedidia/micro/releases/download/v2.0.15/micro-2.0.15-win64.zip"
url_api = "https://api.github.com/repos/zyedidia/micro/releases/assets/188669449"

[[tools."github:BurntSushi/ripgrep"]]
version = "15.1.0"
backend = "github:BurntSushi/ripgrep"

[tools."github:BurntSushi/ripgrep"."platforms.darwin-amd64"]
url = "https://github.com/BurntSushi/ripgrep/releases/download/15.1.0/ripgrep-15.1.0-x86_64-apple-darwin.tar.gz"
url_api = "https://api.github.com/repos/BurntSushi/ripgrep/releases/assets/191353907"

[tools."github:BurntSushi/ripgrep"."platforms.darwin-arm64"]
url = "https://github.com/BurntSushi/ripgrep/releases/download/15.1.0/ripgrep-15.1.0-aarch64-apple-darwin.tar.gz"
url_api = "https://api.github.com/repos/BurntSushi/ripgrep/releases/assets/191355384"

[tools."github:BurntSushi/ripgrep"."platforms.linux-amd64"]
url = "https://github.com/BurntSushi/ripgrep/releases/download/15.1.0/ripgrep-15.1.0-x86_64-unknown-linux-musl.tar.gz"
url_api = "https://api.github.com/repos/BurntSushi/ripgrep/releases/assets/191354314"

[tools."github:BurntSushi/ripgrep"."platforms.linux-arm64"]
url = "https://github.com/BurntSushi/ripgrep/releases/download/15.1.0/ripgrep-15.1.0-aarch64-unknown-linux-gnu.tar.gz"
url_api = "https://api.github.com/repos/BurntSushi/ripgrep/releases/assets/191354198"

[tools."github:BurntSushi/ripgrep"."platforms.linux-x64"]
url = "https://github.com/BurntSushi/ripgrep/releases/download/15.1.0/ripgrep-15.1.0-x86_64-unknown-linux-musl.tar.gz"
url_api = "https://api.github.com/repos/BurntSushi/ripgrep/releases/assets/191354314"

[tools."github:BurntSushi/ripgrep"."platforms.macos-arm64"]
url = "https://github.com/BurntSushi/ripgrep/releases/download/15.1.0/ripgrep-15.1.0-aarch64-apple-darwin.tar.gz"
url_api = "https://api.github.com/repos/BurntSushi/ripgrep/releases/assets/191355384"

[tools."github:BurntSushi/ripgrep"."platforms.windows-amd64"]
url = "https://github.com/BurntSushi/ripgrep/releases/download/15.1.0/ripgrep-15.1.0-x86_64-pc-windows-msvc.zip"
url_api = "https://api.github.com/repos/BurntSushi/ripgrep/releases/assets/191355384"

[[tools."github:cue-lang/cue"]]
version = "0.16.0"
backend = "github:cue-lang/cue"

[tools."github:cue-lang/cue"."platforms.linux-arm64"]
url = "https://github.com/cue-lang/cue/releases/download/v0.16.0/cue_v0.16.0_linux_arm64.tar.gz"
url_api = "https://api.github.com/repos/cue-lang/cue/releases/assets/319203819"

[tools."github:cue-lang/cue"."platforms.linux-x64"]
url = "https://github.com/cue-lang/cue/releases/download/v0.16.0/cue_v0.16.0_linux_amd64.tar.gz"
url_api = "https://api.github.com/repos/cue-lang/cue/releases/assets/319203817"

[[tools."github:dbohdan/recur"]]
version = "3.2.0"
backend = "github:dbohdan/recur"

[tools."github:dbohdan/recur"."platforms.linux-arm64"]
url = "https://github.com/dbohdan/recur/releases/download/v3.2.0/recur-v3.2.0-linux-aarch64"
url_api = "https://api.github.com/repos/dbohdan/recur/releases/assets/316742956"

[tools."github:dbohdan/recur"."platforms.linux-x64"]
url = "https://github.com/dbohdan/recur/releases/download/v3.2.0/recur-v3.2.0-linux-x86_64"
url_api = "https://api.github.com/repos/dbohdan/recur/releases/assets/316742958"

[[tools."github:lsd-rs/lsd"]]
version = "v1.2.0"
backend = "github:lsd-rs/lsd"

[tools."github:lsd-rs/lsd"."platforms.darwin-amd64"]
url = "https://github.com/lsd-rs/lsd/releases/download/v1.2.0/lsd-v1.2.0-x86_64-apple-darwin.tar.gz"
url_api = "https://api.github.com/repos/lsd-rs/lsd/releases/assets/187197889"

[tools."github:lsd-rs/lsd"."platforms.darwin-arm64"]
url = "https://github.com/lsd-rs/lsd/releases/download/v1.2.0/lsd-v1.2.0-aarch64-apple-darwin.tar.gz"
url_api = "https://api.github.com/repos/lsd-rs/lsd/releases/assets/187197460"

[tools."github:lsd-rs/lsd"."platforms.linux-amd64"]
url = "https://github.com/lsd-rs/lsd/releases/download/v1.2.0/lsd-v1.2.0-x86_64-unknown-linux-musl.tar.gz"
url_api = "https://api.github.com/repos/lsd-rs/lsd/releases/assets/187198047"

[tools."github:lsd-rs/lsd"."platforms.linux-arm64"]
url = "https://github.com/lsd-rs/lsd/releases/download/v1.2.0/lsd-v1.2.0-aarch64-unknown-linux-musl.tar.gz"
url_api = "https://api.github.com/repos/lsd-rs/lsd/releases/assets/187198074"

[tools."github:lsd-rs/lsd"."platforms.linux-x64"]
url = "https://github.com/lsd-rs/lsd/releases/download/v1.2.0/lsd-v1.2.0-x86_64-unknown-linux-musl.tar.gz"
url_api = "https://api.github.com/repos/lsd-rs/lsd/releases/assets/187198047"

[tools."github:lsd-rs/lsd"."platforms.macos-arm64"]
url = "https://github.com/lsd-rs/lsd/releases/download/v1.2.0/lsd-v1.2.0-aarch64-apple-darwin.tar.gz"
url_api = "https://api.github.com/repos/lsd-rs/lsd/releases/assets/187197460"

[tools."github:lsd-rs/lsd"."platforms.windows-amd64"]
url = "https://github.com/lsd-rs/lsd/releases/download/v1.2.0/lsd-v1.2.0-x86_64-pc-windows-msvc.zip"
url_api = "https://api.github.com/repos/lsd-rs/lsd/releases/assets/187197460"

[[tools."github:lvillis/tcping-rs"]]
version = "1.2.24"
backend = "github:lvillis/tcping-rs"

[tools."github:lvillis/tcping-rs"."platforms.linux-arm64"]
url = "https://github.com/lvillis/tcping-rs/releases/download/1.2.24/tcping-1.2.24-aarch64-unknown-linux-musl.tar.gz"
url_api = "https://api.github.com/repos/lvillis/tcping-rs/releases/assets/311190121"

[tools."github:lvillis/tcping-rs"."platforms.linux-x64"]
url = "https://github.com/lvillis/tcping-rs/releases/download/1.2.24/tcping-1.2.24-x86_64-unknown-linux-musl.tar.gz"
url_api = "https://api.github.com/repos/lvillis/tcping-rs/releases/assets/311190122"

[[tools."github:mikefarah/yq"]]
version = "4.52.4"
backend = "github:mikefarah/yq"

[tools."github:mikefarah/yq"."platforms.linux-arm64"]
url = "https://github.com/mikefarah/yq/releases/download/v4.52.4/yq_linux_arm64.tar.gz"
url_api = "https://api.github.com/repos/mikefarah/yq/releases/assets/174040546"

[tools."github:mikefarah/yq"."platforms.linux-x64"]
url = "https://github.com/mikefarah/yq/releases/download/v4.52.4/yq_linux_amd64.tar.gz"
url_api = "https://api.github.com/repos/mikefarah/yq/releases/assets/174040551"

[[tools."github:nushell/nushell"]]
version = "0.110.0"
backend = "github:nushell/nushell"

[tools."github:nushell/nushell"."platforms.darwin-amd64"]
url = "https://github.com/nushell/nushell/releases/download/0.110.0/nu-0.110.0-x86_64-apple-darwin.tar.gz"
url_api = "https://api.github.com/repos/nushell/nushell/releases/assets/289028707"

[tools."github:nushell/nushell"."platforms.darwin-arm64"]
url = "https://github.com/nushell/nushell/releases/download/0.110.0/nu-0.110.0-aarch64-apple-darwin.tar.gz"
url_api = "https://api.github.com/repos/nushell/nushell/releases/assets/289032519"

[tools."github:nushell/nushell"."platforms.linux-amd64"]
url = "https://github.com/nushell/nushell/releases/download/0.110.0/nu-0.110.0-x86_64-unknown-linux-musl.tar.gz"
url_api = "https://api.github.com/repos/nushell/nushell/releases/assets/289028844"

[tools."github:nushell/nushell"."platforms.linux-arm64"]
url = "https://github.com/nushell/nushell/releases/download/0.110.0/nu-0.110.0-aarch64-unknown-linux-musl.tar.gz"
url_api = "https://api.github.com/repos/nushell/nushell/releases/assets/289028561"

[tools."github:nushell/nushell"."platforms.linux-x64"]
url = "https://github.com/nushell/nushell/releases/download/0.110.0/nu-0.110.0-x86_64-unknown-linux-musl.tar.gz"
url_api = "https://api.github.com/repos/nushell/nushell/releases/assets/289028844"

[tools."github:nushell/nushell"."platforms.macos-arm64"]
url = "https://github.com/nushell/nushell/releases/download/0.110.0/nu-0.110.0-aarch64-apple-darwin.tar.gz"
url_api = "https://api.github.com/repos/nushell/nushell/releases/assets/289032519"

[tools."github:nushell/nushell"."platforms.windows-amd64"]
url = "https://github.com/nushell/nushell/releases/download/0.110.0/nu-0.110.0-x86_64-pc-windows-msvc.zip"
url_api = "https://api.github.com/repos/nushell/nushell/releases/assets/289032519"

[[tools."github:sharkdp/hyperfine"]]
version = "1.20.0"
backend = "github:sharkdp/hyperfine"

[tools."github:sharkdp/hyperfine"."platforms.darwin-amd64"]
url = "https://github.com/sharkdp/hyperfine/releases/download/v1.20.0/hyperfine-v1.20.0-x86_64-apple-darwin.tar.gz"
url_api = "https://api.github.com/repos/sharkdp/hyperfine/releases/assets/205765136"

[tools."github:sharkdp/hyperfine"."platforms.darwin-arm64"]
url = "https://github.com/sharkdp/hyperfine/releases/download/v1.20.0/hyperfine-v1.20.0-aarch64-apple-darwin.tar.gz"
url_api = "https://api.github.com/repos/sharkdp/hyperfine/releases/assets/205764932"

[tools."github:sharkdp/hyperfine"."platforms.linux-amd64"]
url = "https://github.com/sharkdp/hyperfine/releases/download/v1.20.0/hyperfine-v1.20.0-x86_64-unknown-linux-musl.tar.gz"
url_api = "https://api.github.com/repos/sharkdp/hyperfine/releases/assets/205765204"

[tools."github:sharkdp/hyperfine"."platforms.linux-arm64"]
url = "https://github.com/sharkdp/hyperfine/releases/download/v1.20.0/hyperfine-v1.20.0-aarch64-unknown-linux-gnu.tar.gz"
url_api = "https://api.github.com/repos/sharkdp/hyperfine/releases/assets/205765093"

[tools."github:sharkdp/hyperfine"."platforms.linux-x64"]
url = "https://github.com/sharkdp/hyperfine/releases/download/v1.20.0/hyperfine-v1.20.0-x86_64-unknown-linux-musl.tar.gz"
url_api = "https://api.github.com/repos/sharkdp/hyperfine/releases/assets/205765204"

[tools."github:sharkdp/hyperfine"."platforms.macos-arm64"]
url = "https://github.com/sharkdp/hyperfine/releases/download/v1.20.0/hyperfine-v1.20.0-aarch64-apple-darwin.tar.gz"
url_api = "https://api.github.com/repos/sharkdp/hyperfine/releases/assets/205764932"

[tools."github:sharkdp/hyperfine"."platforms.windows-amd64"]
url = "https://github.com/sharkdp/hyperfine/releases/download/v1.20.0/hyperfine-v1.20.0-x86_64-pc-windows-msvc.zip"
url_api = "https://api.github.com/repos/sharkdp/hyperfine/releases/assets/205764932"

[[tools."http:docker-cli"]]
version = "29.3.0"
backend = "http:docker-cli"

[tools."http:docker-cli".platforms.linux-x64]
url = "https://download.docker.com/linux/static/stable/x86_64/docker-29.3.0.tgz"

[tools."http:docker-cli".platforms.linux-amd64]
url = "https://download.docker.com/linux/static/stable/x86_64/docker-29.3.0.tgz"

[tools."http:docker-cli".platforms.linux-arm64]
url = "https://download.docker.com/linux/static/stable/aarch64/docker-29.3.0.tgz"

[tools."http:docker-cli".platforms.darwin-amd64]
url = "https://download.docker.com/mac/static/stable/x86_64/docker-29.3.0.tgz"

[tools."http:docker-cli".platforms.darwin-arm64]
url = "https://download.docker.com/mac/static/stable/aarch64/docker-29.3.0.tgz"

[tools."http:docker-cli".platforms.windows-amd64]
url = "https://download.docker.com/win/static/stable/x86_64/docker-29.3.0.zip"

[[tools."http:kubectl"]]
version = "1.35.2"
backend = "http:kubectl"

[tools."http:kubectl".platforms.linux-x64]
url = "https://dl.k8s.io/v1.35.2/bin/linux/amd64/kubectl"

[tools."http:kubectl".platforms.linux-amd64]
url = "https://dl.k8s.io/v1.35.2/bin/linux/amd64/kubectl"

[tools."http:kubectl".platforms.linux-arm64]
url = "https://dl.k8s.io/v1.35.2/bin/linux/arm64/kubectl"

[tools."http:kubectl".platforms.darwin-amd64]
url = "https://dl.k8s.io/v1.35.2/bin/darwin/amd64/kubectl"

[tools."http:kubectl".platforms.darwin-arm64]
url = "https://dl.k8s.io/v1.35.2/bin/darwin/arm64/kubectl"

[tools."http:kubectl".platforms.windows-amd64]
url = "https://dl.k8s.io/v1.35.2/bin/windows/amd64/kubectl.exe"

[[tools."http:skaffold"]]
version = "2.18.1"
backend = "http:skaffold"

[tools."http:skaffold".platforms.linux-x64]
url = "https://storage.googleapis.com/skaffold/releases/v2.18.1/skaffold-linux-amd64"

[tools."http:skaffold".platforms.linux-amd64]
url = "https://storage.googleapis.com/skaffold/releases/v2.18.1/skaffold-linux-amd64"

[tools."http:skaffold".platforms.linux-arm64]
url = "https://storage.googleapis.com/skaffold/releases/v2.18.1/skaffold-linux-arm64"

[tools."http:skaffold".platforms.darwin-amd64]
url = "https://storage.googleapis.com/skaffold/releases/v2.18.1/skaffold-darwin-amd64"

[tools."http:skaffold".platforms.darwin-arm64]
url = "https://storage.googleapis.com/skaffold/releases/v2.18.1/skaffold-darwin-arm64"

[tools."http:skaffold".platforms.windows-amd64]
url = "https://storage.googleapis.com/skaffold/releases/v2.18.1/skaffold-windows-amd64.exe"
