# @generated - this file is auto-generated by `mise lock` https://mise.jdx.dev/dev-tools/mise-lock.html

[[tools."aqua:Byron/dua-cli"]]
version = "2.32.0"
backend = "aqua:Byron/dua-cli"

[[tools."github:BurntSushi/ripgrep"]]
version = "14.1.1"
backend = "github:BurntSushi/ripgrep"

[[tools."github:ajeetdsouza/zoxide"]]
version = "0.9.8"
backend = "github:ajeetdsouza/zoxide"

[[tools."github:astral-sh/uv"]]
version = "0.6.14"
backend = "github:astral-sh/uv"

[[tools."github:bufbuild/buf"]]
version = "1.57.2"
backend = "github:bufbuild/buf"

[[tools."github:casey/just"]]
version = "1.42.4"
backend = "github:casey/just"

[tools."github:casey/just"."platforms.linux-arm64"]
checksum = "sha256:beb35a4ed1208ffbb0fef26042c65875759a5358b9ee1a7856dec8490dfd4aca"
url = "https://github.com/casey/just/releases/download/1.42.4/just-1.42.4-aarch64-unknown-linux-musl.tar.gz"
url_api = "https://api.github.com/repos/casey/just/releases/assets/276111941"

[tools."github:casey/just"."platforms.linux-arm64-musl"]
checksum = "sha256:beb35a4ed1208ffbb0fef26042c65875759a5358b9ee1a7856dec8490dfd4aca"
url = "https://github.com/casey/just/releases/download/1.42.4/just-1.42.4-aarch64-unknown-linux-musl.tar.gz"
url_api = "https://api.github.com/repos/casey/just/releases/assets/276111941"

[[tools."github:cue-lang/cue"]]
version = "0.15.1"
backend = "github:cue-lang/cue"

[[tools."github:dbohdan/recur"]]
version = "3.0.0"
backend = "github:dbohdan/recur"

[[tools."github:docker/buildx"]]
version = "0.27.0"
backend = "github:docker/buildx"

[tools."github:docker/buildx"."platforms.linux-arm64"]
checksum = "sha256:e3519d085710d2502c673380f763596ae0b378d0ae8976ccbb14adaed82327ef"
url = "https://github.com/docker/buildx/releases/download/v0.27.0/buildx-v0.27.0.linux-arm64"
url_api = "https://api.github.com/repos/docker/buildx/releases/assets/284355395"

[tools."github:docker/buildx"."platforms.linux-arm64-musl"]
checksum = "sha256:e3519d085710d2502c673380f763596ae0b378d0ae8976ccbb14adaed82327ef"
url = "https://github.com/docker/buildx/releases/download/v0.27.0/buildx-v0.27.0.linux-arm64"
url_api = "https://api.github.com/repos/docker/buildx/releases/assets/284355395"

[tools."github:docker/buildx"."platforms.linux-x64"]
checksum = "sha256:4f5e5a1b6dd0d6ff8476c8def7602d1eeedcb6f602e8dcd45079d352247eba06"
url = "https://github.com/docker/buildx/releases/download/v0.27.0/buildx-v0.27.0.linux-amd64"
url_api = "https://api.github.com/repos/docker/buildx/releases/assets/284355393"

[tools."github:docker/buildx"."platforms.linux-x64-musl"]
checksum = "sha256:4f5e5a1b6dd0d6ff8476c8def7602d1eeedcb6f602e8dcd45079d352247eba06"
url = "https://github.com/docker/buildx/releases/download/v0.27.0/buildx-v0.27.0.linux-amd64"
url_api = "https://api.github.com/repos/docker/buildx/releases/assets/284355393"

[tools."github:docker/buildx"."platforms.macos-arm64"]
checksum = "sha256:068ba6899684dc390a275377632e23feda29b08f1996cd27fbdb209d8d97abd5"
url = "https://github.com/docker/buildx/releases/download/v0.27.0/buildx-v0.27.0.darwin-arm64"
url_api = "https://api.github.com/repos/docker/buildx/releases/assets/284398474"

[tools."github:docker/buildx"."platforms.macos-x64"]
checksum = "sha256:eb9bd8a34f31dcbf103140ca6a461b6fdff47e85c62a91464413611b3f0d361f"
url = "https://github.com/docker/buildx/releases/download/v0.27.0/buildx-v0.27.0.darwin-amd64"
url_api = "https://api.github.com/repos/docker/buildx/releases/assets/284398144"

[tools."github:docker/buildx"."platforms.windows-x64"]
checksum = "sha256:1e89de288c9897990220d2ee695b50956d42a3a0792c0b070e9fee7711b9f896"
url = "https://github.com/docker/buildx/releases/download/v0.27.0/buildx-v0.27.0.windows-amd64.exe"
url_api = "https://api.github.com/repos/docker/buildx/releases/assets/284355384"

[[tools."github:docker/compose"]]
version = "2.39.2"
backend = "github:docker/compose"

[tools."github:docker/compose"."platforms.linux-arm64"]
checksum = "sha256:54488fffb60782f3c8787a48b95ed15f49f5a3a85f4105304bd46db5edd9db61"
url = "https://github.com/docker/compose/releases/download/v2.39.2/docker-compose-linux-aarch64"
url_api = "https://api.github.com/repos/docker/compose/releases/assets/280662830"

[tools."github:docker/compose"."platforms.linux-arm64-musl"]
checksum = "sha256:54488fffb60782f3c8787a48b95ed15f49f5a3a85f4105304bd46db5edd9db61"
url = "https://github.com/docker/compose/releases/download/v2.39.2/docker-compose-linux-aarch64"
url_api = "https://api.github.com/repos/docker/compose/releases/assets/280662830"

[tools."github:docker/compose"."platforms.linux-x64"]
checksum = "sha256:a55a8cd4ef103aac282812554e531aac8df7e914a287ee81e14d695556a22902"
url = "https://github.com/docker/compose/releases/download/v2.39.2/docker-compose-linux-x86_64"
url_api = "https://api.github.com/repos/docker/compose/releases/assets/280662929"

[tools."github:docker/compose"."platforms.linux-x64-musl"]
checksum = "sha256:a55a8cd4ef103aac282812554e531aac8df7e914a287ee81e14d695556a22902"
url = "https://github.com/docker/compose/releases/download/v2.39.2/docker-compose-linux-x86_64"
url_api = "https://api.github.com/repos/docker/compose/releases/assets/280662929"

[tools."github:docker/compose"."platforms.macos-arm64"]
checksum = "sha256:44ea135a29b176d959aed927d61d3483b3f0e7b4a2025ab7812aa00086916f13"
url = "https://github.com/docker/compose/releases/download/v2.39.2/docker-compose-darwin-aarch64"
url_api = "https://api.github.com/repos/docker/compose/releases/assets/280662764"

[tools."github:docker/compose"."platforms.macos-x64"]
checksum = "sha256:fb72c16602af3fe9331e198b7f0534fd194b157a68eb6c293641c1ebbe7eac8b"
url = "https://github.com/docker/compose/releases/download/v2.39.2/docker-compose-darwin-x86_64"
url_api = "https://api.github.com/repos/docker/compose/releases/assets/280662796"

[tools."github:docker/compose"."platforms.windows-x64"]
checksum = "sha256:6580793b1f612150646a9f8d02148c8d226a0033ed6e2e3273c0229b25e2f158"
url = "https://github.com/docker/compose/releases/download/v2.39.2/docker-compose-windows-x86_64.exe"
url_api = "https://api.github.com/repos/docker/compose/releases/assets/280662969"

[[tools."github:ducaale/xh"]]
version = "0.25.0"
backend = "github:ducaale/xh"

[[tools."github:getsops/sops"]]
version = "3.11.0"
backend = "github:getsops/sops"

[[tools."github:go-task/task"]]
version = "3.49.1"
backend = "github:go-task/task"

[tools."github:go-task/task"."platforms.linux-arm64"]
checksum = "sha256:aa6732c9c66397c5380ec2b60c070fd599075b2a8538dba03f3a21edc99ab0cb"
url = "https://github.com/go-task/task/releases/download/v3.49.1/task_linux_arm64.tar.gz"
url_api = "https://api.github.com/repos/go-task/task/releases/assets/369609773"

[tools."github:go-task/task"."platforms.linux-arm64-musl"]
checksum = "sha256:aa6732c9c66397c5380ec2b60c070fd599075b2a8538dba03f3a21edc99ab0cb"
url = "https://github.com/go-task/task/releases/download/v3.49.1/task_linux_arm64.tar.gz"
url_api = "https://api.github.com/repos/go-task/task/releases/assets/369609773"

[tools."github:go-task/task"."platforms.linux-x64"]
checksum = "sha256:4e7d24f1bf38218aec8f244eb7ba671f898830f9f87b3c9b30ff1c09e3135576"
url = "https://github.com/go-task/task/releases/download/v3.49.1/task_linux_amd64.tar.gz"
url_api = "https://api.github.com/repos/go-task/task/releases/assets/369609772"

[tools."github:go-task/task"."platforms.linux-x64-musl"]
checksum = "sha256:4e7d24f1bf38218aec8f244eb7ba671f898830f9f87b3c9b30ff1c09e3135576"
url = "https://github.com/go-task/task/releases/download/v3.49.1/task_linux_amd64.tar.gz"
url_api = "https://api.github.com/repos/go-task/task/releases/assets/369609772"

[tools."github:go-task/task"."platforms.macos-arm64"]
checksum = "sha256:0f556b66df69d53b790c7fd26bfab73543b4a5ce1767df6b2e8499619e2a205b"
url = "https://github.com/go-task/task/releases/download/v3.49.1/task_darwin_arm64.tar.gz"
url_api = "https://api.github.com/repos/go-task/task/releases/assets/369609792"

[tools."github:go-task/task"."platforms.macos-x64"]
checksum = "sha256:8bc4dd3baed1c71956ade0bb0a9c1b94e3ed7b65e7f2ff3aab13d0562c820e59"
url = "https://github.com/go-task/task/releases/download/v3.49.1/task_darwin_amd64.tar.gz"
url_api = "https://api.github.com/repos/go-task/task/releases/assets/369609774"

[tools."github:go-task/task"."platforms.windows-x64"]
checksum = "sha256:725c551f699d4d6c0dc57bd8148f72bef8d5b2fb650d9c985f271a61522fd521"
url = "https://github.com/go-task/task/releases/download/v3.49.1/task_windows_amd64.zip"
url_api = "https://api.github.com/repos/go-task/task/releases/assets/369609805"

[[tools."github:jqlang/jq"]]
version = "jq-1.8.1"
backend = "github:jqlang/jq"

[[tools."github:junegunn/fzf"]]
version = "0.65.2"
backend = "github:junegunn/fzf"

[[tools."github:kubernetes-sigs/kind"]]
version = "0.30.0"
backend = "github:kubernetes-sigs/kind"

[[tools."github:lsd-rs/lsd"]]
version = "1.1.5"
backend = "github:lsd-rs/lsd"

[[tools."github:lvillis/tcping-rs"]]
version = "1.2.21"
backend = "github:lvillis/tcping-rs"

[[tools."github:micro-editor/micro"]]
version = "2.0.14"
backend = "github:micro-editor/micro"

[[tools."github:mikefarah/yq"]]
version = "4.44.2"
backend = "github:mikefarah/yq"

[[tools."github:nushell/nushell"]]
version = "0.107.0"
backend = "github:nushell/nushell"

[tools."github:nushell/nushell"."platforms.linux-arm64"]
checksum = "sha256:858142296927292095623c05c7ff0a79a53c9071949ca8867e672083ba87b73c"
url = "https://github.com/nushell/nushell/releases/download/0.107.0/nu-0.107.0-aarch64-unknown-linux-gnu.tar.gz"
url_api = "https://api.github.com/repos/nushell/nushell/releases/assets/289026684"

[tools."github:nushell/nushell"."platforms.linux-arm64-musl"]
checksum = "sha256:6b1699ca3eb6f762f5fe9c401dda6a03611631bb19d707b9c45fa621e3bf2f36"
url = "https://github.com/nushell/nushell/releases/download/0.107.0/nu-0.107.0-aarch64-unknown-linux-musl.tar.gz"
url_api = "https://api.github.com/repos/nushell/nushell/releases/assets/289028561"

[tools."github:nushell/nushell"."platforms.linux-x64"]
checksum = "sha256:9c803a1b2019c80e75b4170edc2d3ccbf02aebc784bc9b243881ac178d27f381"
url = "https://github.com/nushell/nushell/releases/download/0.107.0/nu-0.107.0-x86_64-unknown-linux-gnu.tar.gz"
url_api = "https://api.github.com/repos/nushell/nushell/releases/assets/289026180"

[tools."github:nushell/nushell"."platforms.macos-x64"]
checksum = "sha256:e69c2e4f3b68444e17186f289a9a2ed7ec88b57da930892b1a7a3544d68a91d1"
url = "https://github.com/nushell/nushell/releases/download/0.107.0/nu-0.107.0-x86_64-apple-darwin.tar.gz"
url_api = "https://api.github.com/repos/nushell/nushell/releases/assets/289028707"

[[tools."github:sharkdp/bat"]]
version = "0.25.0"
backend = "github:sharkdp/bat"

[[tools."github:sharkdp/fd"]]
version = "10.3.0"
backend = "github:sharkdp/fd"

[[tools."github:sharkdp/hyperfine"]]
version = "1.19.0"
backend = "github:sharkdp/hyperfine"

[[tools."http:docker-cli"]]
version = "28.5.1"
backend = "http:docker-cli"

[[tools."http:kubectl"]]
version = "1.34.1"
backend = "http:kubectl"

[[tools."http:skaffold"]]
version = "2.16.1"
backend = "http:skaffold"
