[[tools."aqua:Byron/dua-cli"]]
version = "2.32.0"
backend = "aqua:Byron/dua-cli"
"platforms.linux-arm64" = { checksum = "sha256:e0a5190dead2e588622f8ddc32c539cae94e83af4164e813a03c775aad4e89f6", url = "https://github.com/Byron/dua-cli/releases/download/v2.32.0/dua-v2.32.0-aarch64-unknown-linux-musl.tar.gz"}
"platforms.linux-x64" = { checksum = "sha256:3553b6ef42b7398c979066e6360c0cb79b593c4b11f804dfbdd0caba0772e015", url = "https://github.com/Byron/dua-cli/releases/download/v2.32.0/dua-v2.32.0-x86_64-unknown-linux-musl.tar.gz"}
"platforms.macos-arm64" = { checksum = "sha256:ceec037df8a1e5b8ef810eb0fa2fab1c26771b7a1300156ec195893c017ea6c0", url = "https://github.com/Byron/dua-cli/releases/download/v2.32.0/dua-v2.32.0-x86_64-apple-darwin.tar.gz"}
"platforms.macos-x64" = { checksum = "sha256:ceec037df8a1e5b8ef810eb0fa2fab1c26771b7a1300156ec195893c017ea6c0", url = "https://github.com/Byron/dua-cli/releases/download/v2.32.0/dua-v2.32.0-x86_64-apple-darwin.tar.gz"}
"platforms.windows-x64" = { checksum = "sha256:eb697c75361479c1e645cc4d7bb54bf83d6900e79159d308e5b363c36c0babe4", url = "https://github.com/Byron/dua-cli/releases/download/v2.32.0/dua-v2.32.0-x86_64-pc-windows-msvc.zip"}

[[tools."aqua:GoogleContainerTools/skaffold"]]
version = "2.16.1"
backend = "aqua:GoogleContainerTools/skaffold"
"platforms.linux-arm64" = { url = "https://storage.googleapis.com/skaffold/releases/v2.16.1/skaffold-linux-arm64"}
"platforms.linux-x64" = { url = "https://storage.googleapis.com/skaffold/releases/v2.16.1/skaffold-linux-amd64"}
"platforms.macos-arm64" = { checksum = "blake3:2c67f3ca76d018ea381098008c620af3918f6657955057888ffe9e318fed26f4", url = "https://storage.googleapis.com/skaffold/releases/v2.16.1/skaffold-darwin-arm64"}
"platforms.macos-x64" = { url = "https://storage.googleapis.com/skaffold/releases/v2.16.1/skaffold-darwin-amd64"}
"platforms.windows-x64" = { url = "https://storage.googleapis.com/skaffold/releases/v2.16.1/skaffold-windows-amd64.exe"}

[[tools."aqua:ajeetdsouza/zoxide"]]
version = "0.9.8"
backend = "aqua:ajeetdsouza/zoxide"
"platforms.linux-arm64" = { url = "https://github.com/ajeetdsouza/zoxide/releases/download/v0.9.8/zoxide-0.9.8-aarch64-unknown-linux-musl.tar.gz"}
"platforms.linux-x64" = { url = "https://github.com/ajeetdsouza/zoxide/releases/download/v0.9.8/zoxide-0.9.8-x86_64-unknown-linux-musl.tar.gz"}
"platforms.macos-arm64" = { checksum = "blake3:225180129d7d87f7d55eaaf13b065e8ac95123347734e41c01da13ade4b4664f", url = "https://github.com/ajeetdsouza/zoxide/releases/download/v0.9.8/zoxide-0.9.8-aarch64-apple-darwin.tar.gz"}
"platforms.macos-x64" = { url = "https://github.com/ajeetdsouza/zoxide/releases/download/v0.9.8/zoxide-0.9.8-x86_64-apple-darwin.tar.gz"}
"platforms.windows-x64" = { url = "https://github.com/ajeetdsouza/zoxide/releases/download/v0.9.8/zoxide-0.9.8-x86_64-pc-windows-msvc.zip"}

[[tools."aqua:astral-sh/uv"]]
version = "0.6.14"
backend = "aqua:astral-sh/uv"
"platforms.linux-arm64" = { checksum = "sha256:94e22c4be44d205def456427639ca5ca1c1a9e29acc31808a7b28fdd5dcf7f17", url = "https://github.com/astral-sh/uv/releases/download/0.6.14/uv-aarch64-unknown-linux-musl.tar.gz"}
"platforms.linux-x64" = { checksum = "sha256:0cac4df0cb3457b154f2039ae471e89cd4e15f3bd790bbb3cb0b8b40d940b93e", url = "https://github.com/astral-sh/uv/releases/download/0.6.14/uv-x86_64-unknown-linux-musl.tar.gz"}
"platforms.macos-arm64" = { checksum = "sha256:4ea4731010fbd1bc8e790e07f199f55a5c7c2c732e9b77f85e302b0bee61b756", url = "https://github.com/astral-sh/uv/releases/download/0.6.14/uv-aarch64-apple-darwin.tar.gz"}
"platforms.macos-x64" = { checksum = "sha256:1d8ecb2eb3b68fb50e4249dc96ac9d2458dc24068848f04f4c5b42af2fd26552", url = "https://github.com/astral-sh/uv/releases/download/0.6.14/uv-x86_64-apple-darwin.tar.gz"}
"platforms.windows-x64" = { checksum = "sha256:93b29fc234758e381df461d7638ff73d0f08bdf3a0dc37923b1ee0b9e442ca3f", url = "https://github.com/astral-sh/uv/releases/download/0.6.14/uv-x86_64-pc-windows-msvc.zip"}

[[tools."aqua:bufbuild/buf"]]
version = "1.57.2"
backend = "aqua:bufbuild/buf"
"platforms.linux-arm64" = { checksum = "sha256:fcc74ba98842bf431f2c4b9fccc5fe77b13aafd497125472ab341295f4915329", url = "https://github.com/bufbuild/buf/releases/download/v1.57.2/buf-Linux-aarch64.tar.gz"}
"platforms.linux-x64" = { checksum = "sha256:275883a9bb684d37b26a5c86466870a3acd2420163ac6f4827491498d89e34ad", url = "https://github.com/bufbuild/buf/releases/download/v1.57.2/buf-Linux-x86_64.tar.gz"}
"platforms.macos-arm64" = { checksum = "sha256:942dd3c96444615def14ed791de33c882f9a6a2166ead1c22973c04a4d3b186e", url = "https://github.com/bufbuild/buf/releases/download/v1.57.2/buf-Darwin-arm64.tar.gz"}
"platforms.macos-x64" = { checksum = "sha256:b5cefc5eec24331e26a49db2b71b46e7e5a30d8d8f361f9ccc69e7dd5fda5c7c", url = "https://github.com/bufbuild/buf/releases/download/v1.57.2/buf-Darwin-x86_64.tar.gz"}
"platforms.windows-x64" = { checksum = "sha256:9129b146336155b6e5dedb9ebd07cbed14499aac5c903acf59d9c6d8aa8c7126", url = "https://github.com/bufbuild/buf/releases/download/v1.57.2/buf-Windows-x86_64.zip"}

[[tools."aqua:casey/just"]]
version = "1.42.4"
backend = "aqua:casey/just"
"platforms.linux-arm64" = { checksum = "sha256:beb35a4ed1208ffbb0fef26042c65875759a5358b9ee1a7856dec8490dfd4aca", url = "https://github.com/casey/just/releases/download/1.42.4/just-1.42.4-aarch64-unknown-linux-musl.tar.gz"}
"platforms.linux-x64" = { checksum = "sha256:678efc1cfbd5fa5a88375daa7e2f3864a049d6d63a0296df925a2ae5f516cb56", url = "https://github.com/casey/just/releases/download/1.42.4/just-1.42.4-x86_64-unknown-linux-musl.tar.gz"}
"platforms.macos-arm64" = { checksum = "sha256:9bea24da39a54f1517ebc8d050789e9631eaf9bcec76a94866a9955a3a1a663f", url = "https://github.com/casey/just/releases/download/1.42.4/just-1.42.4-aarch64-apple-darwin.tar.gz"}
"platforms.macos-x64" = { checksum = "sha256:ec8781b4341552877a432a922818f1656bcee6ec51155dbbdba490d9bd8f8dd2", url = "https://github.com/casey/just/releases/download/1.42.4/just-1.42.4-x86_64-apple-darwin.tar.gz"}
"platforms.windows-x64" = { checksum = "sha256:238cb448eb2ced3f7ac2f32872cf08244179b10b2d3f67e9069087ccbdc3d7f6", url = "https://github.com/casey/just/releases/download/1.42.4/just-1.42.4-x86_64-pc-windows-msvc.zip"}

[[tools."aqua:docker/buildx"]]
version = "0.27.0"
backend = "aqua:docker/buildx"
"platforms.linux-arm64" = { checksum = "sha256:e3519d085710d2502c673380f763596ae0b378d0ae8976ccbb14adaed82327ef", url = "https://github.com/docker/buildx/releases/download/v0.27.0/buildx-v0.27.0.linux-arm64"}
"platforms.linux-x64" = { checksum = "sha256:4f5e5a1b6dd0d6ff8476c8def7602d1eeedcb6f602e8dcd45079d352247eba06", url = "https://github.com/docker/buildx/releases/download/v0.27.0/buildx-v0.27.0.linux-amd64"}
"platforms.macos-arm64" = { checksum = "sha256:068ba6899684dc390a275377632e23feda29b08f1996cd27fbdb209d8d97abd5", url = "https://github.com/docker/buildx/releases/download/v0.27.0/buildx-v0.27.0.darwin-arm64"}
"platforms.macos-x64" = { checksum = "sha256:eb9bd8a34f31dcbf103140ca6a461b6fdff47e85c62a91464413611b3f0d361f", url = "https://github.com/docker/buildx/releases/download/v0.27.0/buildx-v0.27.0.darwin-amd64"}
"platforms.windows-x64" = { checksum = "sha256:1e89de288c9897990220d2ee695b50956d42a3a0792c0b070e9fee7711b9f896", url = "https://github.com/docker/buildx/releases/download/v0.27.0/buildx-v0.27.0.windows-amd64.exe"}

[[tools."aqua:docker/cli"]]
version = "28.5.1"
backend = "aqua:docker/cli"
"platforms.linux-arm64" = { url = "https://download.docker.com/linux/static/stable/aarch64/docker-28.5.1.tgz"}
"platforms.linux-x64" = { url = "https://download.docker.com/linux/static/stable/x86_64/docker-28.5.1.tgz"}
"platforms.macos-arm64" = { checksum = "blake3:64c1042d130bffba07e5cd29990a642e8614d53f061a7b863e03dbbc9d7aca15", url = "https://download.docker.com/mac/static/stable/aarch64/docker-28.5.1.tgz"}
"platforms.macos-x64" = { url = "https://download.docker.com/mac/static/stable/x86_64/docker-28.5.1.tgz"}
"platforms.windows-x64" = { url = "https://download.docker.com/win/static/stable/x86_64/docker-28.5.1.zip"}

[[tools."aqua:docker/compose"]]
version = "2.39.2"
backend = "aqua:docker/compose"
"platforms.linux-arm64" = { checksum = "sha256:54488fffb60782f3c8787a48b95ed15f49f5a3a85f4105304bd46db5edd9db61", url = "https://github.com/docker/compose/releases/download/v2.39.2/docker-compose-linux-aarch64"}
"platforms.linux-x64" = { checksum = "sha256:a55a8cd4ef103aac282812554e531aac8df7e914a287ee81e14d695556a22902", url = "https://github.com/docker/compose/releases/download/v2.39.2/docker-compose-linux-x86_64"}
"platforms.macos-arm64" = { checksum = "sha256:44ea135a29b176d959aed927d61d3483b3f0e7b4a2025ab7812aa00086916f13", url = "https://github.com/docker/compose/releases/download/v2.39.2/docker-compose-darwin-aarch64"}
"platforms.macos-x64" = { checksum = "sha256:fb72c16602af3fe9331e198b7f0534fd194b157a68eb6c293641c1ebbe7eac8b", url = "https://github.com/docker/compose/releases/download/v2.39.2/docker-compose-darwin-x86_64"}
"platforms.windows-x64" = { checksum = "sha256:6580793b1f612150646a9f8d02148c8d226a0033ed6e2e3273c0229b25e2f158", url = "https://github.com/docker/compose/releases/download/v2.39.2/docker-compose-windows-x86_64.exe"}

[[tools."aqua:ducaale/xh"]]
version = "0.25.0"
backend = "aqua:ducaale/xh"
"platforms.linux-arm64" = { checksum = "sha256:0e5b8d3f575201dca16a042b97c826c26c0c5ce6bdaaff1a132c21b31d1990dd", url = "https://github.com/ducaale/xh/releases/download/v0.25.0/xh-v0.25.0-aarch64-unknown-linux-musl.tar.gz"}
"platforms.linux-x64" = { checksum = "sha256:fb3adc87b19ed1139cdd77d6d6bc0d15eb20b87e60fb5e6428102f6acd15fc10", url = "https://github.com/ducaale/xh/releases/download/v0.25.0/xh-v0.25.0-x86_64-unknown-linux-musl.tar.gz"}
"platforms.macos-arm64" = { checksum = "sha256:08de099b7143c118899c14fae9d037152dc1dd60ace4c3204a0de4c5e02e5deb", url = "https://github.com/ducaale/xh/releases/download/v0.25.0/xh-v0.25.0-aarch64-apple-darwin.tar.gz"}
"platforms.macos-x64" = { checksum = "sha256:48b1ba31772a71bc6c6a51dc9f561f18e306c7a469c05d35a317bd74963b83e8", url = "https://github.com/ducaale/xh/releases/download/v0.25.0/xh-v0.25.0-x86_64-apple-darwin.tar.gz"}
"platforms.windows-x64" = { checksum = "sha256:00cf11e2dcc62d90db94cd31be6609a53ecfc786039d541ce938065132bedf01", url = "https://github.com/ducaale/xh/releases/download/v0.25.0/xh-v0.25.0-x86_64-pc-windows-msvc.zip"}

[[tools."aqua:getsops/sops"]]
version = "3.11.0"
backend = "aqua:getsops/sops"
"platforms.linux-arm64" = { checksum = "sha256:c71d32f74b3a73ce283affe6ed36e221a8f1476c3d37963f60bd962fb1676681", url = "https://github.com/getsops/sops/releases/download/v3.11.0/sops-v3.11.0.linux.arm64"}
"platforms.linux-x64" = { checksum = "sha256:775f1384d55decfad228e7196a3f683791914f92a473f78fc47700531c29dfef", url = "https://github.com/getsops/sops/releases/download/v3.11.0/sops-v3.11.0.linux.amd64"}
"platforms.macos-arm64" = { checksum = "sha256:45e7562b1f5d022c4d7a4e4c3d1b7b1a7ee6c328356629286cfd18a394b00e7c", url = "https://github.com/getsops/sops/releases/download/v3.11.0/sops-v3.11.0.darwin.arm64"}
"platforms.macos-x64" = { checksum = "sha256:c36583e178f7e83b947044b292e106e79615f7725f75cb147045fb0c81953e2b", url = "https://github.com/getsops/sops/releases/download/v3.11.0/sops-v3.11.0.darwin.amd64"}
"platforms.windows-x64" = { checksum = "sha256:f3d74d83006954f0d8cf770ad7e5380504270ded5a62f33eb2548ce5461af3b3", url = "https://github.com/getsops/sops/releases/download/v3.11.0/sops-v3.11.0.amd64.exe"}

[[tools."aqua:go-task/task"]]
version = "3.44.1"
backend = "aqua:go-task/task"
"platforms.linux-arm64" = { checksum = "sha256:06f390bbc1545997bc08920b51741dd2142713cfdef748e5b17e9f68aa042bbd", url = "https://github.com/go-task/task/releases/download/v3.44.1/task_linux_arm64.tar.gz"}
"platforms.linux-x64" = { checksum = "sha256:62969d22bee5ea8950cc64a30cc7eb278f89ad67683132e728841457aae523c1", url = "https://github.com/go-task/task/releases/download/v3.44.1/task_linux_amd64.tar.gz"}
"platforms.macos-arm64" = { checksum = "sha256:0784902e0a531cb4a9a4d91fc6235f344afdab963ee08042635e9b020eb72350", url = "https://github.com/go-task/task/releases/download/v3.44.1/task_darwin_arm64.tar.gz"}
"platforms.macos-x64" = { checksum = "sha256:3544805f14e6fdb216610339f839d1a882c700d7ac18fcbff79cbfcdc5e8a47e", url = "https://github.com/go-task/task/releases/download/v3.44.1/task_darwin_amd64.tar.gz"}
"platforms.windows-x64" = { checksum = "sha256:0a43e2ec91c7e010d5bedfe25fff5cf8370931dfa103b4b8332290ea204f93b2", url = "https://github.com/go-task/task/releases/download/v3.44.1/task_windows_amd64.zip"}

[[tools."aqua:jqlang/jq"]]
version = "jq-1.8.1"
backend = "aqua:jqlang/jq"
"platforms.linux-arm64" = { checksum = "sha256:6bc62f25981328edd3cfcfe6fe51b073f2d7e7710d7ef7fcdac28d4e384fc3d4", url = "https://github.com/jqlang/jq/releases/download/jq-1.8.1/jq-linux-arm64"}
"platforms.linux-x64" = { checksum = "sha256:020468de7539ce70ef1bceaf7cde2e8c4f2ca6c3afb84642aabc5c97d9fc2a0d", url = "https://github.com/jqlang/jq/releases/download/jq-1.8.1/jq-linux-amd64"}
"platforms.macos-arm64" = { checksum = "sha256:a9fe3ea2f86dfc72f6728417521ec9067b343277152b114f4e98d8cb0e263603", url = "https://github.com/jqlang/jq/releases/download/jq-1.8.1/jq-macos-arm64"}
"platforms.macos-x64" = { checksum = "sha256:e80dbe0d2a2597e3c11c404f03337b981d74b4a8504b70586c354b7697a7c27f", url = "https://github.com/jqlang/jq/releases/download/jq-1.8.1/jq-macos-amd64"}
"platforms.windows-x64" = { checksum = "sha256:23cb60a1354eed6bcc8d9b9735e8c7b388cd1fdcb75726b93bc299ef22dd9334", url = "https://github.com/jqlang/jq/releases/download/jq-1.8.1/jq-windows-amd64.exe"}

[[tools."aqua:junegunn/fzf"]]
version = "0.65.2"
backend = "aqua:junegunn/fzf"
"platforms.linux-arm64" = { checksum = "sha256:097347160595bf03a426d2abe0a17e14ca060540ddfc0ea45c0a9be62bb29a2b", url = "https://github.com/junegunn/fzf/releases/download/v0.65.2/fzf-0.65.2-linux_arm64.tar.gz"}
"platforms.linux-x64" = { checksum = "sha256:5eb8efc0e94aa559f84ea83eeba99bea7dce818e63f92b4b62e60663220f1c14", url = "https://github.com/junegunn/fzf/releases/download/v0.65.2/fzf-0.65.2-linux_amd64.tar.gz"}
"platforms.macos-arm64" = { checksum = "sha256:a1464f1d4b75c3a92975f67055f9e407800ed35820ea7d73f2afb90aeb0491e8", url = "https://github.com/junegunn/fzf/releases/download/v0.65.2/fzf-0.65.2-darwin_arm64.tar.gz"}
"platforms.macos-x64" = { checksum = "sha256:4f2d7414e4dbe2469e5581c5830f29b1ed3532a3d672646e6c2e0533fc07cbea", url = "https://github.com/junegunn/fzf/releases/download/v0.65.2/fzf-0.65.2-darwin_amd64.tar.gz"}
"platforms.windows-x64" = { checksum = "sha256:ad77a1e4b6ea6b790b02bfad333eb3e2a802e5e5423271733b324794eda31b9e", url = "https://github.com/junegunn/fzf/releases/download/v0.65.2/fzf-0.65.2-windows_amd64.zip"}

[[tools."aqua:kubernetes-sigs/kind"]]
version = "0.30.0"
backend = "aqua:kubernetes-sigs/kind"
"platforms.linux-arm64" = { checksum = "sha256:7ea2de9d2d190022ed4a8a4e3ac0636c8a455e460b9a13ccf19f15d07f4f00eb", url = "https://github.com/kubernetes-sigs/kind/releases/download/v0.30.0/kind-linux-arm64"}
"platforms.linux-x64" = { checksum = "sha256:517ab7fc89ddeed5fa65abf71530d90648d9638ef0c4cde22c2c11f8097b8889", url = "https://github.com/kubernetes-sigs/kind/releases/download/v0.30.0/kind-linux-amd64"}
"platforms.macos-arm64" = { checksum = "sha256:ceaf40df1d1551c481fb50e3deb5c3deecad5fd599df5469626b70ddf52a1518", url = "https://github.com/kubernetes-sigs/kind/releases/download/v0.30.0/kind-darwin-arm64"}
"platforms.macos-x64" = { checksum = "sha256:4f0b6e3b88bdc66d922c08469f05ef507d4903dd236e6319199bb9c868eed274", url = "https://github.com/kubernetes-sigs/kind/releases/download/v0.30.0/kind-darwin-amd64"}
"platforms.windows-x64" = { checksum = "sha256:a75fed2b6964d877461cc145b37e997ac0f59a63bd02a750134ac25378f78ce7", url = "https://github.com/kubernetes-sigs/kind/releases/download/v0.30.0/kind-windows-amd64"}

[[tools."aqua:kubernetes/kubernetes/kubectl"]]
version = "1.34.1"
backend = "aqua:kubernetes/kubernetes/kubectl"
"platforms.linux-arm64" = { checksum = "sha256:420e6110e3ba7ee5a3927b5af868d18df17aae36b720529ffa4e9e945aa95450", url = "https://dl.k8s.io/v1.34.1/bin/linux/arm64/kubectl"}
"platforms.linux-x64" = { checksum = "sha256:7721f265e18709862655affba5343e85e1980639395d5754473dafaadcaa69e3", url = "https://dl.k8s.io/v1.34.1/bin/linux/amd64/kubectl"}
"platforms.macos-arm64" = { checksum = "sha256:d80e5fa36f2b14005e5bb35d3a72818acb1aea9a081af05340a000e5fbdb2f76", url = "https://dl.k8s.io/v1.34.1/bin/darwin/arm64/kubectl"}
"platforms.macos-x64" = { checksum = "sha256:bb211f2b31f2b3bc60562b44cc1e3b712a16a98e9072968ba255beb04cefcfdf", url = "https://dl.k8s.io/v1.34.1/bin/darwin/amd64/kubectl"}
"platforms.windows-x64" = { checksum = "sha256:d118a8ddb0de15ff230189c85f5157e752405eb0ae8fa680d284de094c9a20f0", url = "https://dl.k8s.io/v1.34.1/bin/windows/amd64/kubectl.exe"}

[[tools."aqua:sharkdp/bat"]]
version = "0.25.0"
backend = "aqua:sharkdp/bat"
"platforms.linux-arm64" = { url = "https://github.com/sharkdp/bat/releases/download/v0.25.0/bat-v0.25.0-aarch64-unknown-linux-musl.tar.gz"}
"platforms.linux-x64" = { url = "https://github.com/sharkdp/bat/releases/download/v0.25.0/bat-v0.25.0-x86_64-unknown-linux-musl.tar.gz"}
"platforms.macos-arm64" = { checksum = "blake3:0aaf86bdca05733ab2f75cf74456849448fa58e8e428f4cc02f48181e08cc8c2", url = "https://github.com/sharkdp/bat/releases/download/v0.25.0/bat-v0.25.0-aarch64-apple-darwin.tar.gz"}
"platforms.macos-x64" = { url = "https://github.com/sharkdp/bat/releases/download/v0.25.0/bat-v0.25.0-x86_64-apple-darwin.tar.gz"}
"platforms.windows-x64" = { url = "https://github.com/sharkdp/bat/releases/download/v0.25.0/bat-v0.25.0-x86_64-pc-windows-msvc.zip"}

[[tools."aqua:sharkdp/fd"]]
version = "10.3.0"
backend = "aqua:sharkdp/fd"
"platforms.linux-arm64" = { checksum = "sha256:996b9b1366433b211cb3bbedba91c9dbce2431842144d925428ead0adf32020b", url = "https://github.com/sharkdp/fd/releases/download/v10.3.0/fd-v10.3.0-aarch64-unknown-linux-musl.tar.gz"}
"platforms.linux-x64" = { checksum = "sha256:2b6bfaae8c48f12050813c2ffe1884c61ea26e750d803df9c9114550a314cd14", url = "https://github.com/sharkdp/fd/releases/download/v10.3.0/fd-v10.3.0-x86_64-unknown-linux-musl.tar.gz"}
"platforms.macos-arm64" = { checksum = "sha256:0570263812089120bc2a5d84f9e65cd0c25e4a4d724c80075c357239c74ae904", url = "https://github.com/sharkdp/fd/releases/download/v10.3.0/fd-v10.3.0-aarch64-apple-darwin.tar.gz"}
"platforms.macos-x64" = { checksum = "sha256:50d30f13fe3d5914b14c4fff5abcbd4d0cdab4b855970a6956f4f006c17117a3", url = "https://github.com/sharkdp/fd/releases/download/v10.3.0/fd-v10.3.0-x86_64-apple-darwin.tar.gz"}
"platforms.windows-x64" = { checksum = "sha256:318aa2a6fa664325933e81fda60d523fff29444129e91ebf0726b5b3bcd8b059", url = "https://github.com/sharkdp/fd/releases/download/v10.3.0/fd-v10.3.0-x86_64-pc-windows-msvc.zip"}

[[tools."aqua:vi/websocat"]]
version = "1.14.0"
backend = "aqua:vi/websocat"
"platforms.linux-x64" = { url = "https://github.com/vi/websocat/releases/download/v1.14.0/websocat.x86_64-unknown-linux-musl"}
"platforms.macos-arm64" = { checksum = "blake3:8385fa8b05bf17a5be880c8aaf2e80667973e58c0a80842e3c4fb7a7b936362c", url = "https://github.com/vi/websocat/releases/download/v1.14.0/websocat.x86_64-apple-darwin"}
"platforms.macos-x64" = { url = "https://github.com/vi/websocat/releases/download/v1.14.0/websocat.x86_64-apple-darwin"}
"platforms.windows-x64" = { url = "https://github.com/vi/websocat/releases/download/v1.14.0/websocat.x86_64-pc-windows-gnu.exe"}

[[tools."aqua:zyedidia/micro"]]
version = "2.0.14"
backend = "aqua:zyedidia/micro"
"platforms.linux-arm64" = { url = "https://github.com/micro-editor/micro/releases/download/v2.0.14/micro-2.0.14-linux-arm64.tar.gz"}
"platforms.linux-x64" = { url = "https://github.com/micro-editor/micro/releases/download/v2.0.14/micro-2.0.14-linux64-static.tar.gz"}
"platforms.macos-arm64" = { checksum = "blake3:b79e1455096cf4af37998a4ef0457ded4499b01aec9d860aa58d5b7ed7e02e02", url = "https://github.com/micro-editor/micro/releases/download/v2.0.14/micro-2.0.14-macos-arm64.tar.gz"}
"platforms.macos-x64" = { url = "https://github.com/micro-editor/micro/releases/download/v2.0.14/micro-2.0.14-osx.tar.gz"}
"platforms.windows-x64" = { url = "https://github.com/micro-editor/micro/releases/download/v2.0.14/micro-2.0.14-win64.zip"}

[[tools."github:BurntSushi/ripgrep"]]
version = "14.1.1"
backend = "github:BurntSushi/ripgrep"
"platforms.linux-arm64" = { checksum = "sha256:c827481c4ff4ea10c9dc7a4022c8de5db34a5737cb74484d62eb94a95841ab2f", url = "https://github.com/BurntSushi/ripgrep/releases/download/14.1.1/ripgrep-14.1.1-aarch64-unknown-linux-gnu.tar.gz", url_api = "https://api.github.com/repos/BurntSushi/ripgrep/releases/assets/191354198"}
"platforms.linux-x64" = { checksum = "sha256:4cf9f2741e6c465ffdb7c26f38056a59e2a2544b51f7cc128ef28337eeae4d8e", url = "https://github.com/BurntSushi/ripgrep/releases/download/14.1.1/ripgrep-14.1.1-x86_64-unknown-linux-musl.tar.gz", url_api = "https://api.github.com/repos/BurntSushi/ripgrep/releases/assets/191354314"}
"platforms.macos-arm64" = { checksum = "blake3:8d9942032585ea8ee805937634238d9aee7b210069f4703c88fbe568e26fb78a", url = "https://github.com/BurntSushi/ripgrep/releases/download/14.1.1/ripgrep-14.1.1-aarch64-apple-darwin.tar.gz", url_api = "https://api.github.com/repos/BurntSushi/ripgrep/releases/assets/191355384"}
"platforms.macos-x64" = { checksum = "sha256:fc87e78f7cb3fea12d69072e7ef3b21509754717b746368fd40d88963630e2b3", url = "https://github.com/BurntSushi/ripgrep/releases/download/14.1.1/ripgrep-14.1.1-x86_64-apple-darwin.tar.gz", url_api = "https://api.github.com/repos/BurntSushi/ripgrep/releases/assets/191353907"}
"platforms.windows-x64" = { url = "https://github.com/BurntSushi/ripgrep/releases/download/14.1.1/ripgrep-14.1.1-x86_64-pc-windows-msvc.zip", url_api = "https://api.github.com/repos/BurntSushi/ripgrep/releases/assets/191354245"}

[[tools."github:cue-lang/cue"]]
version = "0.15.1"
backend = "github:cue-lang/cue"
"platforms.linux-arm64" = { checksum = "sha256:6bb80ec3262c7cedf898a21e9e9481c86da54488f144788b1fa0a5dc01879a0b", url = "https://github.com/cue-lang/cue/releases/download/v0.15.1/cue_v0.15.1_linux_arm64.tar.gz", url_api = "https://api.github.com/repos/cue-lang/cue/releases/assets/319203819"}
"platforms.linux-x64" = { checksum = "sha256:aa282261245e9ab0d65b17ec3c7207f5231600106f7b26fc0c2e158b3937ca3f", url = "https://github.com/cue-lang/cue/releases/download/v0.15.1/cue_v0.15.1_linux_amd64.tar.gz", url_api = "https://api.github.com/repos/cue-lang/cue/releases/assets/319203817"}
"platforms.macos-arm64" = { checksum = "sha256:9ee183ec8686675a0aea24f9f5cfb64235ee4e7583e8e771432a0bf58e64411a", url = "https://github.com/cue-lang/cue/releases/download/v0.15.1/cue_v0.15.1_darwin_arm64.tar.gz", url_api = "https://api.github.com/repos/cue-lang/cue/releases/assets/319203820"}
"platforms.macos-x64" = { checksum = "sha256:e761c85f060283d7c52b0b80e3ae57b569a0c4e7f7029bdbf38d7f079b2128bc", url = "https://github.com/cue-lang/cue/releases/download/v0.15.1/cue_v0.15.1_darwin_amd64.tar.gz", url_api = "https://api.github.com/repos/cue-lang/cue/releases/assets/319203816"}
"platforms.windows-x64" = { checksum = "sha256:516fa080c1af12578ff76a4165cc7bf14ad9bbe5d9724a0c07553860d038885e", url = "https://github.com/cue-lang/cue/releases/download/v0.15.1/cue_v0.15.1_windows_amd64.zip", url_api = "https://api.github.com/repos/cue-lang/cue/releases/assets/319203818"}

[[tools."github:dbohdan/recur"]]
version = "3.0.0"
backend = "github:dbohdan/recur"
"platforms.linux-arm64" = { checksum = "sha256:6915ed18be6b46771fdbc1369ce41fa7cb311626bcd3d277856a23c440eac79a", url = "https://github.com/dbohdan/recur/releases/download/v3.0.0/recur-v3.0.0-linux-aarch64", url_api = "https://api.github.com/repos/dbohdan/recur/releases/assets/316742956"}
"platforms.linux-x64" = { checksum = "sha256:49098339a168a8df21c4044438ac683093665f86728e18132228b44ac9a39be1", url = "https://github.com/dbohdan/recur/releases/download/v3.0.0/recur-v3.0.0-linux-x86_64", url_api = "https://api.github.com/repos/dbohdan/recur/releases/assets/316742958"}
"platforms.macos-arm64" = { checksum = "sha256:88bdb74f29f95f2f5fa0e792d9fbc7efec4e6438aa9378689f677813dbdcb06b", url = "https://github.com/dbohdan/recur/releases/download/v3.0.0/recur-v3.0.0-macos-arm64", url_api = "https://api.github.com/repos/dbohdan/recur/releases/assets/316742962"}
"platforms.macos-x64" = { checksum = "sha256:24d2d50e398d667a8c364296e68da7dfd96453b16e67f55ce0838574c5cc11be", url = "https://github.com/dbohdan/recur/releases/download/v3.0.0/recur-v3.0.0-macos-x86_64", url_api = "https://api.github.com/repos/dbohdan/recur/releases/assets/316742964"}
"platforms.windows-x64" = { checksum = "sha256:a735d7b9e105ee1145450c9929877f44df56b1da6e8c118b0415db809ef7940b", url = "https://github.com/dbohdan/recur/releases/download/v3.0.0/recur-v3.0.0-windows-amd64.exe", url_api = "https://api.github.com/repos/dbohdan/recur/releases/assets/316742932"}

[[tools."github:lsd-rs/lsd"]]
version = "1.1.5"
backend = "github:lsd-rs/lsd"
"platforms.linux-arm64" = { url = "https://github.com/lsd-rs/lsd/releases/download/v1.1.5/lsd-v1.1.5-aarch64-unknown-linux-gnu.tar.gz", url_api = "https://api.github.com/repos/lsd-rs/lsd/releases/assets/187198099"}
"platforms.linux-x64" = { url = "https://github.com/lsd-rs/lsd/releases/download/v1.1.5/lsd-v1.1.5-x86_64-unknown-linux-gnu.tar.gz", url_api = "https://api.github.com/repos/lsd-rs/lsd/releases/assets/187198093"}
"platforms.macos-arm64" = { checksum = "blake3:9fb601943484b54b9b01dbb980f1aea11b54d7535cabaa014209fc71526d54bf", url = "https://github.com/lsd-rs/lsd/releases/download/v1.1.5/lsd-v1.1.5-aarch64-apple-darwin.tar.gz", url_api = "https://api.github.com/repos/lsd-rs/lsd/releases/assets/187197460"}
"platforms.macos-x64" = { url = "https://github.com/lsd-rs/lsd/releases/download/v1.1.5/lsd-v1.1.5-x86_64-apple-darwin.tar.gz", url_api = "https://api.github.com/repos/lsd-rs/lsd/releases/assets/187197889"}
"platforms.windows-x64" = { url = "https://github.com/lsd-rs/lsd/releases/download/v1.1.5/lsd-v1.1.5-x86_64-pc-windows-msvc.zip", url_api = "https://api.github.com/repos/lsd-rs/lsd/releases/assets/187198396"}

[[tools."github:lvillis/tcping-rs"]]
version = "1.2.21"
backend = "github:lvillis/tcping-rs"
"platforms.linux-arm64" = { checksum = "sha256:a934bf3239ab3e3fd1fe904b8d823f3a3536372af894977c777e6053175a0799", url = "https://github.com/lvillis/tcping-rs/releases/download/1.2.21/tcping-1.2.21-aarch64-unknown-linux-musl.tar.gz", url_api = "https://api.github.com/repos/lvillis/tcping-rs/releases/assets/311190121"}
"platforms.linux-x64" = { checksum = "sha256:37f9d55cb7d8950b8f082c391128b8b32d548ce5851e6e85e2c07f99265f625a", url = "https://github.com/lvillis/tcping-rs/releases/download/1.2.21/tcping-1.2.21-x86_64-unknown-linux-gnu.tar.gz", url_api = "https://api.github.com/repos/lvillis/tcping-rs/releases/assets/311190118"}
"platforms.macos-arm64" = { checksum = "sha256:3bcae22c83d1beaa29d8efec1f9cb0352c42fb9b19b4fa47594adbf7dac9079f", url = "https://github.com/lvillis/tcping-rs/releases/download/1.2.21/tcping-1.2.21-aarch64-apple-darwin.tar.gz", url_api = "https://api.github.com/repos/lvillis/tcping-rs/releases/assets/311190115"}
"platforms.macos-x64" = { checksum = "sha256:2cf7e1d17f3894a6c7ca8b62633a4e0bf9a4a52f18f96c2be753e904e6f118ca", url = "https://github.com/lvillis/tcping-rs/releases/download/1.2.21/tcping-1.2.21-x86_64-apple-darwin.tar.gz", url_api = "https://api.github.com/repos/lvillis/tcping-rs/releases/assets/311190119"}
"platforms.windows-x64" = { checksum = "sha256:aa2f8769cb62f10f54cae0bba7b9b79676679830d9502c6687b122128294332e", url = "https://github.com/lvillis/tcping-rs/releases/download/1.2.21/tcping-1.2.21-x86_64-pc-windows-msvc.zip", url_api = "https://api.github.com/repos/lvillis/tcping-rs/releases/assets/311190117"}

[[tools."github:mikefarah/yq"]]
version = "4.44.2"
backend = "github:mikefarah/yq"
"platforms.linux-arm64" = { url = "https://github.com/mikefarah/yq/releases/download/v4.44.2/yq_linux_arm64.tar.gz", url_api = "https://api.github.com/repos/mikefarah/yq/releases/assets/174040546"}
"platforms.linux-x64" = { url = "https://github.com/mikefarah/yq/releases/download/v4.44.2/yq_linux_amd64.tar.gz", url_api = "https://api.github.com/repos/mikefarah/yq/releases/assets/174040551"}
"platforms.macos-arm64" = { checksum = "blake3:e7914628e6283a1b6102333ed99860a052285274a00e4626d049ba4e5162bc37", url = "https://github.com/mikefarah/yq/releases/download/v4.44.2/yq_darwin_arm64.tar.gz", url_api = "https://api.github.com/repos/mikefarah/yq/releases/assets/174040579"}
"platforms.macos-x64" = { url = "https://github.com/mikefarah/yq/releases/download/v4.44.2/yq_darwin_amd64.tar.gz", url_api = "https://api.github.com/repos/mikefarah/yq/releases/assets/174040575"}
"platforms.windows-x64" = { url = "https://github.com/mikefarah/yq/releases/download/v4.44.2/yq_windows_amd64.zip", url_api = "https://api.github.com/repos/mikefarah/yq/releases/assets/174040589"}

[[tools."github:nushell/nushell"]]
version = "0.107.0"
backend = "github:nushell/nushell"
"platforms.linux-arm64" = { checksum = "sha256:858142296927292095623c05c7ff0a79a53c9071949ca8867e672083ba87b73c", url = "https://github.com/nushell/nushell/releases/download/0.107.0/nu-0.107.0-aarch64-unknown-linux-gnu.tar.gz", url_api = "https://api.github.com/repos/nushell/nushell/releases/assets/289026684"}
"platforms.linux-x64" = { checksum = "sha256:9c803a1b2019c80e75b4170edc2d3ccbf02aebc784bc9b243881ac178d27f381", url = "https://github.com/nushell/nushell/releases/download/0.107.0/nu-0.107.0-x86_64-unknown-linux-gnu.tar.gz", url_api = "https://api.github.com/repos/nushell/nushell/releases/assets/289026180"}
"platforms.macos-arm64" = { checksum = "sha256:3bc70d98ab2fd94ad8244d233c92aa6e768ca2c91dd860a209ae6ba6d15f1051", url = "https://github.com/nushell/nushell/releases/download/0.107.0/nu-0.107.0-aarch64-apple-darwin.tar.gz", url_api = "https://api.github.com/repos/nushell/nushell/releases/assets/289032519"}
"platforms.macos-x64" = { checksum = "sha256:e69c2e4f3b68444e17186f289a9a2ed7ec88b57da930892b1a7a3544d68a91d1", url = "https://github.com/nushell/nushell/releases/download/0.107.0/nu-0.107.0-x86_64-apple-darwin.tar.gz", url_api = "https://api.github.com/repos/nushell/nushell/releases/assets/289028707"}
"platforms.windows-x64" = { checksum = "sha256:6f62ab495b5166239512429886f944eab9153f734a27703516d5eabb5d370e4d", url = "https://github.com/nushell/nushell/releases/download/0.107.0/nu-0.107.0-x86_64-pc-windows-msvc.zip", url_api = "https://api.github.com/repos/nushell/nushell/releases/assets/289031932"}

[[tools."github:sharkdp/hyperfine"]]
version = "1.19.0"
backend = "github:sharkdp/hyperfine"
"platforms.linux-arm64" = { url = "https://github.com/sharkdp/hyperfine/releases/download/v1.19.0/hyperfine-v1.19.0-aarch64-unknown-linux-gnu.tar.gz", url_api = "https://api.github.com/repos/sharkdp/hyperfine/releases/assets/205765093"}
"platforms.linux-x64" = { url = "https://github.com/sharkdp/hyperfine/releases/download/v1.19.0/hyperfine-v1.19.0-x86_64-unknown-linux-gnu.tar.gz", url_api = "https://api.github.com/repos/sharkdp/hyperfine/releases/assets/205765208"}
"platforms.macos-arm64" = { checksum = "blake3:af92c9c3868e0ffcfd4375650958f00155f32acf1fe6205522b9d1f8a20c8c3c", url = "https://github.com/sharkdp/hyperfine/releases/download/v1.19.0/hyperfine-v1.19.0-aarch64-apple-darwin.tar.gz", url_api = "https://api.github.com/repos/sharkdp/hyperfine/releases/assets/205764932"}
"platforms.macos-x64" = { url = "https://github.com/sharkdp/hyperfine/releases/download/v1.19.0/hyperfine-v1.19.0-x86_64-apple-darwin.tar.gz", url_api = "https://api.github.com/repos/sharkdp/hyperfine/releases/assets/205765136"}
"platforms.windows-x64" = { url = "https://github.com/sharkdp/hyperfine/releases/download/v1.19.0/hyperfine-v1.19.0-x86_64-pc-windows-msvc.zip", url_api = "https://api.github.com/repos/sharkdp/hyperfine/releases/assets/205765474"}
